# This file is automatically @generated by Poetry 1.7.1 and should not be changed by hand.

[[package]]
name = "absl-py"
version = "2.0.0"
description = "Abseil Python Common Libraries, see https://github.com/abseil/abseil-py."
optional = false
python-versions = ">=3.7"
files = [
    {file = "absl-py-2.0.0.tar.gz", hash = "sha256:d9690211c5fcfefcdd1a45470ac2b5c5acd45241c3af71eed96bc5441746c0d5"},
    {file = "absl_py-2.0.0-py3-none-any.whl", hash = "sha256:9a28abb62774ae4e8edbe2dd4c49ffcd45a6a848952a5eccc6a49f3f0fc1e2f3"},
]

[[package]]
name = "black"
version = "23.11.0"
description = "The uncompromising code formatter."
optional = false
python-versions = ">=3.8"
files = [
    {file = "black-23.11.0-cp310-cp310-macosx_10_9_x86_64.whl", hash = "sha256:dbea0bb8575c6b6303cc65017b46351dc5953eea5c0a59d7b7e3a2d2f433a911"},
    {file = "black-23.11.0-cp310-cp310-macosx_11_0_arm64.whl", hash = "sha256:412f56bab20ac85927f3a959230331de5614aecda1ede14b373083f62ec24e6f"},
    {file = "black-23.11.0-cp310-cp310-manylinux_2_17_x86_64.manylinux2014_x86_64.whl", hash = "sha256:d136ef5b418c81660ad847efe0e55c58c8208b77a57a28a503a5f345ccf01394"},
    {file = "black-23.11.0-cp310-cp310-win_amd64.whl", hash = "sha256:6c1cac07e64433f646a9a838cdc00c9768b3c362805afc3fce341af0e6a9ae9f"},
    {file = "black-23.11.0-cp311-cp311-macosx_10_9_x86_64.whl", hash = "sha256:cf57719e581cfd48c4efe28543fea3d139c6b6f1238b3f0102a9c73992cbb479"},
    {file = "black-23.11.0-cp311-cp311-macosx_11_0_arm64.whl", hash = "sha256:698c1e0d5c43354ec5d6f4d914d0d553a9ada56c85415700b81dc90125aac244"},
    {file = "black-23.11.0-cp311-cp311-manylinux_2_17_x86_64.manylinux2014_x86_64.whl", hash = "sha256:760415ccc20f9e8747084169110ef75d545f3b0932ee21368f63ac0fee86b221"},
    {file = "black-23.11.0-cp311-cp311-win_amd64.whl", hash = "sha256:58e5f4d08a205b11800332920e285bd25e1a75c54953e05502052738fe16b3b5"},
    {file = "black-23.11.0-cp38-cp38-macosx_10_9_x86_64.whl", hash = "sha256:45aa1d4675964946e53ab81aeec7a37613c1cb71647b5394779e6efb79d6d187"},
    {file = "black-23.11.0-cp38-cp38-macosx_11_0_arm64.whl", hash = "sha256:4c44b7211a3a0570cc097e81135faa5f261264f4dfaa22bd5ee2875a4e773bd6"},
    {file = "black-23.11.0-cp38-cp38-manylinux_2_17_x86_64.manylinux2014_x86_64.whl", hash = "sha256:2a9acad1451632021ee0d146c8765782a0c3846e0e0ea46659d7c4f89d9b212b"},
    {file = "black-23.11.0-cp38-cp38-win_amd64.whl", hash = "sha256:fc7f6a44d52747e65a02558e1d807c82df1d66ffa80a601862040a43ec2e3142"},
    {file = "black-23.11.0-cp39-cp39-macosx_10_9_x86_64.whl", hash = "sha256:7f622b6822f02bfaf2a5cd31fdb7cd86fcf33dab6ced5185c35f5db98260b055"},
    {file = "black-23.11.0-cp39-cp39-macosx_11_0_arm64.whl", hash = "sha256:250d7e60f323fcfc8ea6c800d5eba12f7967400eb6c2d21ae85ad31c204fb1f4"},
    {file = "black-23.11.0-cp39-cp39-manylinux_2_17_x86_64.manylinux2014_x86_64.whl", hash = "sha256:5133f5507007ba08d8b7b263c7aa0f931af5ba88a29beacc4b2dc23fcefe9c06"},
    {file = "black-23.11.0-cp39-cp39-win_amd64.whl", hash = "sha256:421f3e44aa67138ab1b9bfbc22ee3780b22fa5b291e4db8ab7eee95200726b07"},
    {file = "black-23.11.0-py3-none-any.whl", hash = "sha256:54caaa703227c6e0c87b76326d0862184729a69b73d3b7305b6288e1d830067e"},
    {file = "black-23.11.0.tar.gz", hash = "sha256:4c68855825ff432d197229846f971bc4d6666ce90492e5b02013bcaca4d9ab05"},
]

[package.dependencies]
click = ">=8.0.0"
mypy-extensions = ">=0.4.3"
packaging = ">=22.0"
pathspec = ">=0.9.0"
platformdirs = ">=2"
tomli = {version = ">=1.1.0", markers = "python_version < \"3.11\""}
typing-extensions = {version = ">=4.0.1", markers = "python_version < \"3.11\""}

[package.extras]
colorama = ["colorama (>=0.4.3)"]
d = ["aiohttp (>=3.7.4)"]
jupyter = ["ipython (>=7.8.0)", "tokenize-rt (>=3.2.0)"]
uvloop = ["uvloop (>=0.15.2)"]

[[package]]
name = "click"
version = "8.1.7"
description = "Composable command line interface toolkit"
optional = false
python-versions = ">=3.7"
files = [
    {file = "click-8.1.7-py3-none-any.whl", hash = "sha256:ae74fb96c20a0277a1d615f1e4d73c8414f5a98db8b799a7931d1582f3390c28"},
    {file = "click-8.1.7.tar.gz", hash = "sha256:ca9853ad459e787e2192211578cc907e7594e294c7ccc834310722b41b9ca6de"},
]

[package.dependencies]
colorama = {version = "*", markers = "platform_system == \"Windows\""}

[[package]]
name = "colorama"
version = "0.4.6"
description = "Cross-platform colored terminal text."
optional = false
python-versions = "!=3.0.*,!=3.1.*,!=3.2.*,!=3.3.*,!=3.4.*,!=3.5.*,!=3.6.*,>=2.7"
files = [
    {file = "colorama-0.4.6-py2.py3-none-any.whl", hash = "sha256:4f1d9991f5acc0ca119f9d443620b77f9d6b33703e51011c16baf57afb285fc6"},
    {file = "colorama-0.4.6.tar.gz", hash = "sha256:08695f5cb7ed6e0531a20572697297273c47b8cae5a63ffc6d6ed5c201be6e44"},
]

[[package]]
name = "etils"
version = "1.5.2"
description = "Collection of common python utils"
optional = false
python-versions = ">=3.9"
files = [
    {file = "etils-1.5.2-py3-none-any.whl", hash = "sha256:6dc882d355e1e98a5d1a148d6323679dc47c9a5792939b9de72615aa4737eb0b"},
    {file = "etils-1.5.2.tar.gz", hash = "sha256:ba6a3e1aff95c769130776aa176c11540637f5dd881f3b79172a5149b6b1c446"},
]

[package.dependencies]
fsspec = {version = "*", optional = true, markers = "extra == \"epath\""}
importlib_resources = {version = "*", optional = true, markers = "extra == \"epath\""}
typing_extensions = {version = "*", optional = true, markers = "extra == \"epy\""}
zipp = {version = "*", optional = true, markers = "extra == \"epath\""}

[package.extras]
all = ["etils[array-types]", "etils[eapp]", "etils[ecolab]", "etils[edc]", "etils[enp]", "etils[epath-gcs]", "etils[epath-s3]", "etils[epath]", "etils[epy]", "etils[etqdm]", "etils[etree-dm]", "etils[etree-jax]", "etils[etree-tf]", "etils[etree]"]
array-types = ["etils[enp]"]
dev = ["chex", "dataclass_array", "optree", "pyink", "pylint (>=2.6.0)", "pytest", "pytest-subtests", "pytest-xdist", "torch"]
docs = ["etils[all,dev]", "sphinx-apitree[ext]"]
eapp = ["absl-py", "etils[epy]", "simple_parsing"]
ecolab = ["etils[enp]", "etils[epy]", "jupyter", "mediapy", "numpy", "packaging"]
edc = ["etils[epy]"]
enp = ["etils[epy]", "numpy"]
epath = ["etils[epy]", "fsspec", "importlib_resources", "typing_extensions", "zipp"]
epath-gcs = ["etils[epath]", "gcsfs"]
epath-s3 = ["etils[epath]", "s3fs"]
epy = ["typing_extensions"]
etqdm = ["absl-py", "etils[epy]", "tqdm"]
etree = ["etils[array-types]", "etils[enp]", "etils[epy]", "etils[etqdm]"]
etree-dm = ["dm-tree", "etils[etree]"]
etree-jax = ["etils[etree]", "jax[cpu]"]
etree-tf = ["etils[etree]", "tensorflow"]
lazy-imports = ["etils[ecolab]"]

[[package]]
name = "fsspec"
version = "2023.10.0"
description = "File-system specification"
optional = false
python-versions = ">=3.8"
files = [
    {file = "fsspec-2023.10.0-py3-none-any.whl", hash = "sha256:346a8f024efeb749d2a5fca7ba8854474b1ff9af7c3faaf636a4548781136529"},
    {file = "fsspec-2023.10.0.tar.gz", hash = "sha256:330c66757591df346ad3091a53bd907e15348c2ba17d63fd54f5c39c4457d2a5"},
]

[package.extras]
abfs = ["adlfs"]
adl = ["adlfs"]
arrow = ["pyarrow (>=1)"]
dask = ["dask", "distributed"]
devel = ["pytest", "pytest-cov"]
dropbox = ["dropbox", "dropboxdrivefs", "requests"]
full = ["adlfs", "aiohttp (!=4.0.0a0,!=4.0.0a1)", "dask", "distributed", "dropbox", "dropboxdrivefs", "fusepy", "gcsfs", "libarchive-c", "ocifs", "panel", "paramiko", "pyarrow (>=1)", "pygit2", "requests", "s3fs", "smbprotocol", "tqdm"]
fuse = ["fusepy"]
gcs = ["gcsfs"]
git = ["pygit2"]
github = ["requests"]
gs = ["gcsfs"]
gui = ["panel"]
hdfs = ["pyarrow (>=1)"]
http = ["aiohttp (!=4.0.0a0,!=4.0.0a1)", "requests"]
libarchive = ["libarchive-c"]
oci = ["ocifs"]
s3 = ["s3fs"]
sftp = ["paramiko"]
smb = ["smbprotocol"]
ssh = ["paramiko"]
tqdm = ["tqdm"]

[[package]]
name = "glfw"
version = "2.6.3"
description = "A ctypes-based wrapper for GLFW3."
optional = false
python-versions = "*"
files = [
    {file = "glfw-2.6.3-py2.py27.py3.py30.py31.py32.py33.py34.py35.py36.py37.py38-none-macosx_10_6_intel.whl", hash = "sha256:5fb9854daa1b3e1e9cebc03c77b2cb2bd42e112e82de1b891381e6508c61fc05"},
    {file = "glfw-2.6.3-py2.py27.py3.py30.py31.py32.py33.py34.py35.py36.py37.py38-none-macosx_11_0_arm64.whl", hash = "sha256:a72d7bf799036794fb9f1d258ed6a5da07648b06d000b9e97ad92b74d7873ef8"},
    {file = "glfw-2.6.3-py2.py27.py3.py30.py31.py32.py33.py34.py35.py36.py37.py38-none-manylinux2010_i686.whl", hash = "sha256:e4c4b7810f549a672a008050dfdcd137387543897e9e7d044eb1daeaaeeee01a"},
    {file = "glfw-2.6.3-py2.py27.py3.py30.py31.py32.py33.py34.py35.py36.py37.py38-none-manylinux2010_x86_64.whl", hash = "sha256:c395f0981c63cef74c03334e73c0b15a527e35435e41247b731daf034e24a86f"},
    {file = "glfw-2.6.3-py2.py27.py3.py30.py31.py32.py33.py34.py35.py36.py37.py38-none-manylinux2014_aarch64.whl", hash = "sha256:ed3845261e6160383ff19615bcd1d355411cef2dfc2c2477f1eb9e8cbd8b00f1"},
    {file = "glfw-2.6.3-py2.py27.py3.py30.py31.py32.py33.py34.py35.py36.py37.py38-none-manylinux2014_x86_64.whl", hash = "sha256:c2546733f8c8347f591940e06b2bdc4dfbe3038ace29c34069dac32ba4429811"},
    {file = "glfw-2.6.3-py2.py27.py3.py30.py31.py32.py33.py34.py35.py36.py37.py38-none-win32.whl", hash = "sha256:5dc26b55554ac6758d064b343be7d3689f7bab7be90cdf8cf5df128dac63859b"},
    {file = "glfw-2.6.3-py2.py27.py3.py30.py31.py32.py33.py34.py35.py36.py37.py38-none-win_amd64.whl", hash = "sha256:8f945fd4ad2e12fe614604dff101e8acfe684f858a94e8d8bf7bcd10914fa217"},
    {file = "glfw-2.6.3.tar.gz", hash = "sha256:cf8dba1ba7cf306fd432bc23478ad8949c2666a7d426f7c368b02bb5d4c92902"},
]

[package.extras]
preview = ["glfw-preview"]

[[package]]
name = "importlib-resources"
version = "6.1.1"
description = "Read resources from Python packages"
optional = false
python-versions = ">=3.8"
files = [
    {file = "importlib_resources-6.1.1-py3-none-any.whl", hash = "sha256:e8bf90d8213b486f428c9c39714b920041cb02c184686a3dee24905aaa8105d6"},
    {file = "importlib_resources-6.1.1.tar.gz", hash = "sha256:3893a00122eafde6894c59914446a512f728a0c1a45f9bb9b63721b6bacf0b4a"},
]

[package.extras]
docs = ["furo", "jaraco.packaging (>=9.3)", "jaraco.tidelift (>=1.4)", "rst.linker (>=1.9)", "sphinx (<7.2.5)", "sphinx (>=3.5)", "sphinx-lint"]
testing = ["pytest (>=6)", "pytest-black (>=0.3.7)", "pytest-checkdocs (>=2.4)", "pytest-cov", "pytest-enabler (>=2.2)", "pytest-mypy (>=0.9.1)", "pytest-ruff", "zipp (>=3.17)"]

[[package]]
name = "joblib"
version = "1.3.2"
description = "Lightweight pipelining with Python functions"
optional = false
python-versions = ">=3.7"
files = [
    {file = "joblib-1.3.2-py3-none-any.whl", hash = "sha256:ef4331c65f239985f3f2220ecc87db222f08fd22097a3dd5698f693875f8cbb9"},
    {file = "joblib-1.3.2.tar.gz", hash = "sha256:92f865e621e17784e7955080b6d042489e3b8e294949cc44c6eac304f59772b1"},
]

[[package]]
name = "mujoco"
version = "3.0.1"
description = "MuJoCo Physics Simulator"
optional = false
python-versions = ">=3.8"
files = [
    {file = "mujoco-3.0.1-cp310-cp310-macosx_11_0_arm64.whl", hash = "sha256:ea2dbaf5a44615b58592a9258d5d60b6d4fe76bae1a3c6aee3409feab7365557"},
    {file = "mujoco-3.0.1-cp310-cp310-macosx_11_0_x86_64.whl", hash = "sha256:19ef416f77095aa9931503b9f17ffc76c913ab5edf9b74e65200f923c3e9dc9f"},
    {file = "mujoco-3.0.1-cp310-cp310-manylinux_2_17_aarch64.manylinux2014_aarch64.whl", hash = "sha256:41761cc215f3b628e3f2a92751bcba4ac9fad09211723c7e68f3f7850fe5d153"},
    {file = "mujoco-3.0.1-cp310-cp310-manylinux_2_17_x86_64.manylinux2014_x86_64.whl", hash = "sha256:3f4ce08058febf4396eb8180fded7f0d1b016021131c976d73314465428d2f94"},
    {file = "mujoco-3.0.1-cp310-cp310-win_amd64.whl", hash = "sha256:9cd70f3327a72d81698b1832020a488ec1ebd1957507fdbc02d1e936dcc292fc"},
    {file = "mujoco-3.0.1-cp311-cp311-macosx_11_0_arm64.whl", hash = "sha256:88af990b5873e403a00eb34f5ba91ffbe2b29f97b910079a3846048fd1354ace"},
    {file = "mujoco-3.0.1-cp311-cp311-macosx_11_0_x86_64.whl", hash = "sha256:1ccdc5d953ba0311626cc6cff08ff1c8043599dda699e07e4aa8f7f6d76d3630"},
    {file = "mujoco-3.0.1-cp311-cp311-manylinux_2_17_aarch64.manylinux2014_aarch64.whl", hash = "sha256:3011427a057b5b54ae323b8aec43874f6a73daac679ad91dadae2b0006ba284e"},
    {file = "mujoco-3.0.1-cp311-cp311-manylinux_2_17_x86_64.manylinux2014_x86_64.whl", hash = "sha256:a839e19629bd4ebc0bf167c9568308094000a94aafae0708a349b541b7abf561"},
    {file = "mujoco-3.0.1-cp311-cp311-win_amd64.whl", hash = "sha256:16a6515994623857cd6cf119c0f75db4deb9aaa7c368978d0ba7465f037f058c"},
    {file = "mujoco-3.0.1-cp312-cp312-macosx_11_0_arm64.whl", hash = "sha256:296faac0a333f6a4013f362cbb2c029a9caacca91988e59f617f9a3cc2a5a5d9"},
    {file = "mujoco-3.0.1-cp312-cp312-macosx_11_0_x86_64.whl", hash = "sha256:f5e0b56d3a8702d3d23952f7a1c8f7e50538a2c3fcc15e3581b8f00dba21a1c2"},
    {file = "mujoco-3.0.1-cp312-cp312-manylinux_2_17_aarch64.manylinux2014_aarch64.whl", hash = "sha256:7a327c93386eca86740eb93c093f59f63a677d121d7cb999d15106d5f5db6e77"},
    {file = "mujoco-3.0.1-cp312-cp312-manylinux_2_17_x86_64.manylinux2014_x86_64.whl", hash = "sha256:91745f93f066251b4f53d9a72ee1fc64e344aae3f923d7bc751a20d0d1bd71d6"},
    {file = "mujoco-3.0.1-cp312-cp312-win_amd64.whl", hash = "sha256:a092adb841224cd80ee6ee84f7cef86c4908fde752d865fe8ed41f8319764b0b"},
    {file = "mujoco-3.0.1-cp38-cp38-macosx_11_0_arm64.whl", hash = "sha256:3764dbd90aceece892ab0cb1ed5720f2c5879c5bf788e3b272cd39a84008ded7"},
    {file = "mujoco-3.0.1-cp38-cp38-macosx_11_0_x86_64.whl", hash = "sha256:778feae6750dcf7929e81eb3ac4122d5a0b05441575200af4d9db8aea500371f"},
    {file = "mujoco-3.0.1-cp38-cp38-manylinux_2_17_aarch64.manylinux2014_aarch64.whl", hash = "sha256:3076847595619de3c9d8507e081096ee1bb974897eabb12a8b726a08878c33a1"},
    {file = "mujoco-3.0.1-cp38-cp38-manylinux_2_17_x86_64.manylinux2014_x86_64.whl", hash = "sha256:6f3f5f71cea7713eb9f56aac016024182bd7b7e50db2832741e450b57bc49afa"},
    {file = "mujoco-3.0.1-cp38-cp38-win_amd64.whl", hash = "sha256:01107d7b75798042077a7581e5217f4bc735d5cdb3db6068a982bbf7e3480ab4"},
    {file = "mujoco-3.0.1-cp39-cp39-macosx_11_0_arm64.whl", hash = "sha256:2da120175dee5117a309464d5553a817f018b560767c9bce1ff8803d7d2b9665"},
    {file = "mujoco-3.0.1-cp39-cp39-macosx_11_0_x86_64.whl", hash = "sha256:2393cccb9e22a45298c74f595af26382a1c99f7a4905d86406e92b4ac3f50aab"},
    {file = "mujoco-3.0.1-cp39-cp39-manylinux_2_17_aarch64.manylinux2014_aarch64.whl", hash = "sha256:2bcb40353eec22bfa46ff4633bfeca81020358ecd0d43fa3879ec9dc8c12a598"},
    {file = "mujoco-3.0.1-cp39-cp39-manylinux_2_17_x86_64.manylinux2014_x86_64.whl", hash = "sha256:7e2a898f7aea881ff56855284936dae180f1d0e42550ad8bb55a90c4754bb3c7"},
    {file = "mujoco-3.0.1-cp39-cp39-win_amd64.whl", hash = "sha256:76e31ec4428d59b9cdcae8d7a830315593bef322a859f3b1ca834b0874255f3c"},
    {file = "mujoco-3.0.1.tar.gz", hash = "sha256:a5fb5e70e938ab5f6a2811ecf6104155e9c8f9280983d553eef73a34aba2634b"},
]

[package.dependencies]
absl-py = "*"
etils = {version = "*", extras = ["epath"]}
glfw = "*"
numpy = "*"
pyopengl = "*"

[[package]]
name = "mypy-extensions"
version = "1.0.0"
description = "Type system extensions for programs checked with the mypy type checker."
optional = false
python-versions = ">=3.5"
files = [
    {file = "mypy_extensions-1.0.0-py3-none-any.whl", hash = "sha256:4392f6c0eb8a5668a69e23d168ffa70f0be9ccfd32b5cc2d26a34ae5b844552d"},
    {file = "mypy_extensions-1.0.0.tar.gz", hash = "sha256:75dbf8955dc00442a438fc4d0666508a9a97b6bd41aa2f0ffe9d2f2725af0782"},
]

[[package]]
name = "numpy"
version = "1.26.2"
description = "Fundamental package for array computing in Python"
optional = false
python-versions = ">=3.9"
files = [
    {file = "numpy-1.26.2-cp310-cp310-macosx_10_9_x86_64.whl", hash = "sha256:3703fc9258a4a122d17043e57b35e5ef1c5a5837c3db8be396c82e04c1cf9b0f"},
    {file = "numpy-1.26.2-cp310-cp310-macosx_11_0_arm64.whl", hash = "sha256:cc392fdcbd21d4be6ae1bb4475a03ce3b025cd49a9be5345d76d7585aea69440"},
    {file = "numpy-1.26.2-cp310-cp310-manylinux_2_17_aarch64.manylinux2014_aarch64.whl", hash = "sha256:36340109af8da8805d8851ef1d74761b3b88e81a9bd80b290bbfed61bd2b4f75"},
    {file = "numpy-1.26.2-cp310-cp310-manylinux_2_17_x86_64.manylinux2014_x86_64.whl", hash = "sha256:bcc008217145b3d77abd3e4d5ef586e3bdfba8fe17940769f8aa09b99e856c00"},
    {file = "numpy-1.26.2-cp310-cp310-musllinux_1_1_aarch64.whl", hash = "sha256:3ced40d4e9e18242f70dd02d739e44698df3dcb010d31f495ff00a31ef6014fe"},
    {file = "numpy-1.26.2-cp310-cp310-musllinux_1_1_x86_64.whl", hash = "sha256:b272d4cecc32c9e19911891446b72e986157e6a1809b7b56518b4f3755267523"},
    {file = "numpy-1.26.2-cp310-cp310-win32.whl", hash = "sha256:22f8fc02fdbc829e7a8c578dd8d2e15a9074b630d4da29cda483337e300e3ee9"},
    {file = "numpy-1.26.2-cp310-cp310-win_amd64.whl", hash = "sha256:26c9d33f8e8b846d5a65dd068c14e04018d05533b348d9eaeef6c1bd787f9919"},
    {file = "numpy-1.26.2-cp311-cp311-macosx_10_9_x86_64.whl", hash = "sha256:b96e7b9c624ef3ae2ae0e04fa9b460f6b9f17ad8b4bec6d7756510f1f6c0c841"},
    {file = "numpy-1.26.2-cp311-cp311-macosx_11_0_arm64.whl", hash = "sha256:aa18428111fb9a591d7a9cc1b48150097ba6a7e8299fb56bdf574df650e7d1f1"},
    {file = "numpy-1.26.2-cp311-cp311-manylinux_2_17_aarch64.manylinux2014_aarch64.whl", hash = "sha256:06fa1ed84aa60ea6ef9f91ba57b5ed963c3729534e6e54055fc151fad0423f0a"},
    {file = "numpy-1.26.2-cp311-cp311-manylinux_2_17_x86_64.manylinux2014_x86_64.whl", hash = "sha256:96ca5482c3dbdd051bcd1fce8034603d6ebfc125a7bd59f55b40d8f5d246832b"},
    {file = "numpy-1.26.2-cp311-cp311-musllinux_1_1_aarch64.whl", hash = "sha256:854ab91a2906ef29dc3925a064fcd365c7b4da743f84b123002f6139bcb3f8a7"},
    {file = "numpy-1.26.2-cp311-cp311-musllinux_1_1_x86_64.whl", hash = "sha256:f43740ab089277d403aa07567be138fc2a89d4d9892d113b76153e0e412409f8"},
    {file = "numpy-1.26.2-cp311-cp311-win32.whl", hash = "sha256:a2bbc29fcb1771cd7b7425f98b05307776a6baf43035d3b80c4b0f29e9545186"},
    {file = "numpy-1.26.2-cp311-cp311-win_amd64.whl", hash = "sha256:2b3fca8a5b00184828d12b073af4d0fc5fdd94b1632c2477526f6bd7842d700d"},
    {file = "numpy-1.26.2-cp312-cp312-macosx_10_9_x86_64.whl", hash = "sha256:a4cd6ed4a339c21f1d1b0fdf13426cb3b284555c27ac2f156dfdaaa7e16bfab0"},
    {file = "numpy-1.26.2-cp312-cp312-macosx_11_0_arm64.whl", hash = "sha256:5d5244aabd6ed7f312268b9247be47343a654ebea52a60f002dc70c769048e75"},
    {file = "numpy-1.26.2-cp312-cp312-manylinux_2_17_aarch64.manylinux2014_aarch64.whl", hash = "sha256:6a3cdb4d9c70e6b8c0814239ead47da00934666f668426fc6e94cce869e13fd7"},
    {file = "numpy-1.26.2-cp312-cp312-manylinux_2_17_x86_64.manylinux2014_x86_64.whl", hash = "sha256:aa317b2325f7aa0a9471663e6093c210cb2ae9c0ad824732b307d2c51983d5b6"},
    {file = "numpy-1.26.2-cp312-cp312-musllinux_1_1_aarch64.whl", hash = "sha256:174a8880739c16c925799c018f3f55b8130c1f7c8e75ab0a6fa9d41cab092fd6"},
    {file = "numpy-1.26.2-cp312-cp312-musllinux_1_1_x86_64.whl", hash = "sha256:f79b231bf5c16b1f39c7f4875e1ded36abee1591e98742b05d8a0fb55d8a3eec"},
    {file = "numpy-1.26.2-cp312-cp312-win32.whl", hash = "sha256:4a06263321dfd3598cacb252f51e521a8cb4b6df471bb12a7ee5cbab20ea9167"},
    {file = "numpy-1.26.2-cp312-cp312-win_amd64.whl", hash = "sha256:b04f5dc6b3efdaab541f7857351aac359e6ae3c126e2edb376929bd3b7f92d7e"},
    {file = "numpy-1.26.2-cp39-cp39-macosx_10_9_x86_64.whl", hash = "sha256:4eb8df4bf8d3d90d091e0146f6c28492b0be84da3e409ebef54349f71ed271ef"},
    {file = "numpy-1.26.2-cp39-cp39-macosx_11_0_arm64.whl", hash = "sha256:1a13860fdcd95de7cf58bd6f8bc5a5ef81c0b0625eb2c9a783948847abbef2c2"},
    {file = "numpy-1.26.2-cp39-cp39-manylinux_2_17_aarch64.manylinux2014_aarch64.whl", hash = "sha256:64308ebc366a8ed63fd0bf426b6a9468060962f1a4339ab1074c228fa6ade8e3"},
    {file = "numpy-1.26.2-cp39-cp39-manylinux_2_17_x86_64.manylinux2014_x86_64.whl", hash = "sha256:baf8aab04a2c0e859da118f0b38617e5ee65d75b83795055fb66c0d5e9e9b818"},
    {file = "numpy-1.26.2-cp39-cp39-musllinux_1_1_aarch64.whl", hash = "sha256:d73a3abcac238250091b11caef9ad12413dab01669511779bc9b29261dd50210"},
    {file = "numpy-1.26.2-cp39-cp39-musllinux_1_1_x86_64.whl", hash = "sha256:b361d369fc7e5e1714cf827b731ca32bff8d411212fccd29ad98ad622449cc36"},
    {file = "numpy-1.26.2-cp39-cp39-win32.whl", hash = "sha256:bd3f0091e845164a20bd5a326860c840fe2af79fa12e0469a12768a3ec578d80"},
    {file = "numpy-1.26.2-cp39-cp39-win_amd64.whl", hash = "sha256:2beef57fb031dcc0dc8fa4fe297a742027b954949cabb52a2a376c144e5e6060"},
    {file = "numpy-1.26.2-pp39-pypy39_pp73-macosx_10_9_x86_64.whl", hash = "sha256:1cc3d5029a30fb5f06704ad6b23b35e11309491c999838c31f124fee32107c79"},
    {file = "numpy-1.26.2-pp39-pypy39_pp73-manylinux_2_17_x86_64.manylinux2014_x86_64.whl", hash = "sha256:94cc3c222bb9fb5a12e334d0479b97bb2df446fbe622b470928f5284ffca3f8d"},
    {file = "numpy-1.26.2-pp39-pypy39_pp73-win_amd64.whl", hash = "sha256:fe6b44fb8fcdf7eda4ef4461b97b3f63c466b27ab151bec2366db8b197387841"},
    {file = "numpy-1.26.2.tar.gz", hash = "sha256:f65738447676ab5777f11e6bbbdb8ce11b785e105f690bc45966574816b6d3ea"},
]

[[package]]
name = "packaging"
version = "23.2"
description = "Core utilities for Python packages"
optional = false
python-versions = ">=3.7"
files = [
    {file = "packaging-23.2-py3-none-any.whl", hash = "sha256:8c491190033a9af7e1d931d0b5dacc2ef47509b34dd0de67ed209b5203fc88c7"},
    {file = "packaging-23.2.tar.gz", hash = "sha256:048fb0e9405036518eaaf48a55953c750c11e1a1b68e0dd1a9d62ed0c092cfc5"},
]

[[package]]
name = "pathspec"
version = "0.11.2"
description = "Utility library for gitignore style pattern matching of file paths."
optional = false
python-versions = ">=3.7"
files = [
    {file = "pathspec-0.11.2-py3-none-any.whl", hash = "sha256:1d6ed233af05e679efb96b1851550ea95bbb64b7c490b0f5aa52996c11e92a20"},
    {file = "pathspec-0.11.2.tar.gz", hash = "sha256:e0d8d0ac2f12da61956eb2306b69f9469b42f4deb0f3cb6ed47b9cce9996ced3"},
]

[[package]]
name = "platformdirs"
version = "4.0.0"
description = "A small Python package for determining appropriate platform-specific dirs, e.g. a \"user data dir\"."
optional = false
python-versions = ">=3.7"
files = [
    {file = "platformdirs-4.0.0-py3-none-any.whl", hash = "sha256:118c954d7e949b35437270383a3f2531e99dd93cf7ce4dc8340d3356d30f173b"},
    {file = "platformdirs-4.0.0.tar.gz", hash = "sha256:cb633b2bcf10c51af60beb0ab06d2f1d69064b43abf4c185ca6b28865f3f9731"},
]

[package.extras]
docs = ["furo (>=2023.7.26)", "proselint (>=0.13)", "sphinx (>=7.1.1)", "sphinx-autodoc-typehints (>=1.24)"]
test = ["appdirs (==1.4.4)", "covdefaults (>=2.3)", "pytest (>=7.4)", "pytest-cov (>=4.1)", "pytest-mock (>=3.11.1)"]

[[package]]
name = "pybullet"
version = "3.2.5"
description = "Official Python Interface for the Bullet Physics SDK specialized for Robotics Simulation and Reinforcement Learning"
optional = false
python-versions = "*"
files = [
    {file = "pybullet-3.2.5-cp27-cp27m-manylinux_2_5_x86_64.manylinux1_x86_64.whl", hash = "sha256:4970aec0dd968924f6b1820655a20f80650da2f85ba38b641937c9701a8a2b14"},
    {file = "pybullet-3.2.5-cp27-cp27mu-manylinux_2_5_x86_64.manylinux1_x86_64.whl", hash = "sha256:b64e4523a11d03729035e0a5baa0ce4d2ca58de8d0a242c0b91e8253781b24c4"},
    {file = "pybullet-3.2.5-cp35-cp35m-manylinux_2_5_x86_64.manylinux1_x86_64.whl", hash = "sha256:49e80fd708a3ffd1d0dac3149e13852bd59cca056bb328bf35b25ea26a8bf504"},
    {file = "pybullet-3.2.5-cp36-cp36m-manylinux_2_5_x86_64.manylinux1_x86_64.whl", hash = "sha256:56456b7b53ab00f33d52a3eb96fb0d7b4b8e16f21987d727b34baecc2019702f"},
    {file = "pybullet-3.2.5-cp37-cp37m-manylinux_2_5_x86_64.manylinux1_x86_64.whl", hash = "sha256:3e22fdb949d0a67e18cc3e248d6199ff788704c68c3edbfc3b5c02fc58f52f9a"},
    {file = "pybullet-3.2.5-cp38-cp38-manylinux_2_5_x86_64.manylinux1_x86_64.whl", hash = "sha256:3f9c4289f1773b55915f4efb7514b088539d59b4a082465d68ee7caac11355d1"},
    {file = "pybullet-3.2.5-cp39-cp39-manylinux_2_5_x86_64.manylinux1_x86_64.whl", hash = "sha256:9adcaa00de674a02549949f6f8d51b485bd7a23fbc87a1defb2067e1364f8202"},
    {file = "pybullet-3.2.5.tar.gz", hash = "sha256:1bcb9afb87a086be1b2de18f084d1fdab8194da1bf71f264743ca26baa39c351"},
]

[[package]]
name = "pyopengl"
version = "3.1.7"
description = "Standard OpenGL bindings for Python"
optional = false
python-versions = "*"
files = [
    {file = "PyOpenGL-3.1.7-py3-none-any.whl", hash = "sha256:a6ab19cf290df6101aaf7470843a9c46207789855746399d0af92521a0a92b7a"},
    {file = "PyOpenGL-3.1.7.tar.gz", hash = "sha256:eef31a3888e6984fd4d8e6c9961b184c9813ca82604d37fe3da80eb000a76c86"},
]

[[package]]
name = "scikit-learn"
version = "1.3.2"
description = "A set of python modules for machine learning and data mining"
optional = false
python-versions = ">=3.8"
files = [
    {file = "scikit-learn-1.3.2.tar.gz", hash = "sha256:a2f54c76accc15a34bfb9066e6c7a56c1e7235dda5762b990792330b52ccfb05"},
    {file = "scikit_learn-1.3.2-cp310-cp310-macosx_10_9_x86_64.whl", hash = "sha256:e326c0eb5cf4d6ba40f93776a20e9a7a69524c4db0757e7ce24ba222471ee8a1"},
    {file = "scikit_learn-1.3.2-cp310-cp310-macosx_12_0_arm64.whl", hash = "sha256:535805c2a01ccb40ca4ab7d081d771aea67e535153e35a1fd99418fcedd1648a"},
    {file = "scikit_learn-1.3.2-cp310-cp310-manylinux_2_17_aarch64.manylinux2014_aarch64.whl", hash = "sha256:1215e5e58e9880b554b01187b8c9390bf4dc4692eedeaf542d3273f4785e342c"},
    {file = "scikit_learn-1.3.2-cp310-cp310-manylinux_2_17_x86_64.manylinux2014_x86_64.whl", hash = "sha256:0ee107923a623b9f517754ea2f69ea3b62fc898a3641766cb7deb2f2ce450161"},
    {file = "scikit_learn-1.3.2-cp310-cp310-win_amd64.whl", hash = "sha256:35a22e8015048c628ad099da9df5ab3004cdbf81edc75b396fd0cff8699ac58c"},
    {file = "scikit_learn-1.3.2-cp311-cp311-macosx_10_9_x86_64.whl", hash = "sha256:6fb6bc98f234fda43163ddbe36df8bcde1d13ee176c6dc9b92bb7d3fc842eb66"},
    {file = "scikit_learn-1.3.2-cp311-cp311-macosx_12_0_arm64.whl", hash = "sha256:18424efee518a1cde7b0b53a422cde2f6625197de6af36da0b57ec502f126157"},
    {file = "scikit_learn-1.3.2-cp311-cp311-manylinux_2_17_aarch64.manylinux2014_aarch64.whl", hash = "sha256:3271552a5eb16f208a6f7f617b8cc6d1f137b52c8a1ef8edf547db0259b2c9fb"},
    {file = "scikit_learn-1.3.2-cp311-cp311-manylinux_2_17_x86_64.manylinux2014_x86_64.whl", hash = "sha256:fc4144a5004a676d5022b798d9e573b05139e77f271253a4703eed295bde0433"},
    {file = "scikit_learn-1.3.2-cp311-cp311-win_amd64.whl", hash = "sha256:67f37d708f042a9b8d59551cf94d30431e01374e00dc2645fa186059c6c5d78b"},
    {file = "scikit_learn-1.3.2-cp312-cp312-macosx_10_9_x86_64.whl", hash = "sha256:8db94cd8a2e038b37a80a04df8783e09caac77cbe052146432e67800e430c028"},
    {file = "scikit_learn-1.3.2-cp312-cp312-macosx_12_0_arm64.whl", hash = "sha256:61a6efd384258789aa89415a410dcdb39a50e19d3d8410bd29be365bcdd512d5"},
    {file = "scikit_learn-1.3.2-cp312-cp312-manylinux_2_17_aarch64.manylinux2014_aarch64.whl", hash = "sha256:cb06f8dce3f5ddc5dee1715a9b9f19f20d295bed8e3cd4fa51e1d050347de525"},
    {file = "scikit_learn-1.3.2-cp312-cp312-manylinux_2_17_x86_64.manylinux2014_x86_64.whl", hash = "sha256:5b2de18d86f630d68fe1f87af690d451388bb186480afc719e5f770590c2ef6c"},
    {file = "scikit_learn-1.3.2-cp312-cp312-win_amd64.whl", hash = "sha256:0402638c9a7c219ee52c94cbebc8fcb5eb9fe9c773717965c1f4185588ad3107"},
    {file = "scikit_learn-1.3.2-cp38-cp38-macosx_10_9_x86_64.whl", hash = "sha256:a19f90f95ba93c1a7f7924906d0576a84da7f3b2282ac3bfb7a08a32801add93"},
    {file = "scikit_learn-1.3.2-cp38-cp38-macosx_12_0_arm64.whl", hash = "sha256:b8692e395a03a60cd927125eef3a8e3424d86dde9b2370d544f0ea35f78a8073"},
    {file = "scikit_learn-1.3.2-cp38-cp38-manylinux_2_17_aarch64.manylinux2014_aarch64.whl", hash = "sha256:15e1e94cc23d04d39da797ee34236ce2375ddea158b10bee3c343647d615581d"},
    {file = "scikit_learn-1.3.2-cp38-cp38-manylinux_2_17_x86_64.manylinux2014_x86_64.whl", hash = "sha256:785a2213086b7b1abf037aeadbbd6d67159feb3e30263434139c98425e3dcfcf"},
    {file = "scikit_learn-1.3.2-cp38-cp38-win_amd64.whl", hash = "sha256:64381066f8aa63c2710e6b56edc9f0894cc7bf59bd71b8ce5613a4559b6145e0"},
    {file = "scikit_learn-1.3.2-cp39-cp39-macosx_10_9_x86_64.whl", hash = "sha256:6c43290337f7a4b969d207e620658372ba3c1ffb611f8bc2b6f031dc5c6d1d03"},
    {file = "scikit_learn-1.3.2-cp39-cp39-macosx_12_0_arm64.whl", hash = "sha256:dc9002fc200bed597d5d34e90c752b74df516d592db162f756cc52836b38fe0e"},
    {file = "scikit_learn-1.3.2-cp39-cp39-manylinux_2_17_aarch64.manylinux2014_aarch64.whl", hash = "sha256:1d08ada33e955c54355d909b9c06a4789a729977f165b8bae6f225ff0a60ec4a"},
    {file = "scikit_learn-1.3.2-cp39-cp39-manylinux_2_17_x86_64.manylinux2014_x86_64.whl", hash = "sha256:763f0ae4b79b0ff9cca0bf3716bcc9915bdacff3cebea15ec79652d1cc4fa5c9"},
    {file = "scikit_learn-1.3.2-cp39-cp39-win_amd64.whl", hash = "sha256:ed932ea780517b00dae7431e031faae6b49b20eb6950918eb83bd043237950e0"},
]

[package.dependencies]
joblib = ">=1.1.1"
numpy = ">=1.17.3,<2.0"
scipy = ">=1.5.0"
threadpoolctl = ">=2.0.0"

[package.extras]
benchmark = ["matplotlib (>=3.1.3)", "memory-profiler (>=0.57.0)", "pandas (>=1.0.5)"]
docs = ["Pillow (>=7.1.2)", "matplotlib (>=3.1.3)", "memory-profiler (>=0.57.0)", "numpydoc (>=1.2.0)", "pandas (>=1.0.5)", "plotly (>=5.14.0)", "pooch (>=1.6.0)", "scikit-image (>=0.16.2)", "seaborn (>=0.9.0)", "sphinx (>=6.0.0)", "sphinx-copybutton (>=0.5.2)", "sphinx-gallery (>=0.10.1)", "sphinx-prompt (>=1.3.0)", "sphinxext-opengraph (>=0.4.2)"]
examples = ["matplotlib (>=3.1.3)", "pandas (>=1.0.5)", "plotly (>=5.14.0)", "pooch (>=1.6.0)", "scikit-image (>=0.16.2)", "seaborn (>=0.9.0)"]
tests = ["black (>=23.3.0)", "matplotlib (>=3.1.3)", "mypy (>=1.3)", "numpydoc (>=1.2.0)", "pandas (>=1.0.5)", "pooch (>=1.6.0)", "pyamg (>=4.0.0)", "pytest (>=7.1.2)", "pytest-cov (>=2.9.0)", "ruff (>=0.0.272)", "scikit-image (>=0.16.2)"]

[[package]]
name = "scipy"
version = "1.11.4"
description = "Fundamental algorithms for scientific computing in Python"
optional = false
python-versions = ">=3.9"
files = [
    {file = "scipy-1.11.4-cp310-cp310-macosx_10_9_x86_64.whl", hash = "sha256:bc9a714581f561af0848e6b69947fda0614915f072dfd14142ed1bfe1b806710"},
    {file = "scipy-1.11.4-cp310-cp310-macosx_12_0_arm64.whl", hash = "sha256:cf00bd2b1b0211888d4dc75656c0412213a8b25e80d73898083f402b50f47e41"},
    {file = "scipy-1.11.4-cp310-cp310-manylinux_2_17_aarch64.manylinux2014_aarch64.whl", hash = "sha256:b9999c008ccf00e8fbcce1236f85ade5c569d13144f77a1946bef8863e8f6eb4"},
    {file = "scipy-1.11.4-cp310-cp310-manylinux_2_17_x86_64.manylinux2014_x86_64.whl", hash = "sha256:933baf588daa8dc9a92c20a0be32f56d43faf3d1a60ab11b3f08c356430f6e56"},
    {file = "scipy-1.11.4-cp310-cp310-musllinux_1_1_x86_64.whl", hash = "sha256:8fce70f39076a5aa62e92e69a7f62349f9574d8405c0a5de6ed3ef72de07f446"},
    {file = "scipy-1.11.4-cp310-cp310-win_amd64.whl", hash = "sha256:6550466fbeec7453d7465e74d4f4b19f905642c89a7525571ee91dd7adabb5a3"},
    {file = "scipy-1.11.4-cp311-cp311-macosx_10_9_x86_64.whl", hash = "sha256:f313b39a7e94f296025e3cffc2c567618174c0b1dde173960cf23808f9fae4be"},
    {file = "scipy-1.11.4-cp311-cp311-macosx_12_0_arm64.whl", hash = "sha256:1b7c3dca977f30a739e0409fb001056484661cb2541a01aba0bb0029f7b68db8"},
    {file = "scipy-1.11.4-cp311-cp311-manylinux_2_17_aarch64.manylinux2014_aarch64.whl", hash = "sha256:00150c5eae7b610c32589dda259eacc7c4f1665aedf25d921907f4d08a951b1c"},
    {file = "scipy-1.11.4-cp311-cp311-manylinux_2_17_x86_64.manylinux2014_x86_64.whl", hash = "sha256:530f9ad26440e85766509dbf78edcfe13ffd0ab7fec2560ee5c36ff74d6269ff"},
    {file = "scipy-1.11.4-cp311-cp311-musllinux_1_1_x86_64.whl", hash = "sha256:5e347b14fe01003d3b78e196e84bd3f48ffe4c8a7b8a1afbcb8f5505cb710993"},
    {file = "scipy-1.11.4-cp311-cp311-win_amd64.whl", hash = "sha256:acf8ed278cc03f5aff035e69cb511741e0418681d25fbbb86ca65429c4f4d9cd"},
    {file = "scipy-1.11.4-cp312-cp312-macosx_10_9_x86_64.whl", hash = "sha256:028eccd22e654b3ea01ee63705681ee79933652b2d8f873e7949898dda6d11b6"},
    {file = "scipy-1.11.4-cp312-cp312-macosx_12_0_arm64.whl", hash = "sha256:2c6ff6ef9cc27f9b3db93a6f8b38f97387e6e0591600369a297a50a8e96e835d"},
    {file = "scipy-1.11.4-cp312-cp312-manylinux_2_17_aarch64.manylinux2014_aarch64.whl", hash = "sha256:b030c6674b9230d37c5c60ab456e2cf12f6784596d15ce8da9365e70896effc4"},
    {file = "scipy-1.11.4-cp312-cp312-manylinux_2_17_x86_64.manylinux2014_x86_64.whl", hash = "sha256:ad669df80528aeca5f557712102538f4f37e503f0c5b9541655016dd0932ca79"},
    {file = "scipy-1.11.4-cp312-cp312-musllinux_1_1_x86_64.whl", hash = "sha256:ce7fff2e23ab2cc81ff452a9444c215c28e6305f396b2ba88343a567feec9660"},
    {file = "scipy-1.11.4-cp312-cp312-win_amd64.whl", hash = "sha256:36750b7733d960d7994888f0d148d31ea3017ac15eef664194b4ef68d36a4a97"},
    {file = "scipy-1.11.4-cp39-cp39-macosx_10_9_x86_64.whl", hash = "sha256:6e619aba2df228a9b34718efb023966da781e89dd3d21637b27f2e54db0410d7"},
    {file = "scipy-1.11.4-cp39-cp39-macosx_12_0_arm64.whl", hash = "sha256:f3cd9e7b3c2c1ec26364856f9fbe78695fe631150f94cd1c22228456404cf1ec"},
    {file = "scipy-1.11.4-cp39-cp39-manylinux_2_17_aarch64.manylinux2014_aarch64.whl", hash = "sha256:d10e45a6c50211fe256da61a11c34927c68f277e03138777bdebedd933712fea"},
    {file = "scipy-1.11.4-cp39-cp39-manylinux_2_17_x86_64.manylinux2014_x86_64.whl", hash = "sha256:91af76a68eeae0064887a48e25c4e616fa519fa0d38602eda7e0f97d65d57937"},
    {file = "scipy-1.11.4-cp39-cp39-musllinux_1_1_x86_64.whl", hash = "sha256:6df1468153a31cf55ed5ed39647279beb9cfb5d3f84369453b49e4b8502394fd"},
    {file = "scipy-1.11.4-cp39-cp39-win_amd64.whl", hash = "sha256:ee410e6de8f88fd5cf6eadd73c135020bfbbbdfcd0f6162c36a7638a1ea8cc65"},
    {file = "scipy-1.11.4.tar.gz", hash = "sha256:90a2b78e7f5733b9de748f589f09225013685f9b218275257f8a8168ededaeaa"},
]

[package.dependencies]
numpy = ">=1.21.6,<1.28.0"

[package.extras]
dev = ["click", "cython-lint (>=0.12.2)", "doit (>=0.36.0)", "mypy", "pycodestyle", "pydevtool", "rich-click", "ruff", "types-psutil", "typing_extensions"]
doc = ["jupytext", "matplotlib (>2)", "myst-nb", "numpydoc", "pooch", "pydata-sphinx-theme (==0.9.0)", "sphinx (!=4.1.0)", "sphinx-design (>=0.2.0)"]
test = ["asv", "gmpy2", "mpmath", "pooch", "pytest", "pytest-cov", "pytest-timeout", "pytest-xdist", "scikit-umfpack", "threadpoolctl"]

[[package]]
name = "threadpoolctl"
version = "3.2.0"
description = "threadpoolctl"
optional = false
python-versions = ">=3.8"
files = [
    {file = "threadpoolctl-3.2.0-py3-none-any.whl", hash = "sha256:2b7818516e423bdaebb97c723f86a7c6b0a83d3f3b0970328d66f4d9104dc032"},
    {file = "threadpoolctl-3.2.0.tar.gz", hash = "sha256:c96a0ba3bdddeaca37dc4cc7344aafad41cdb8c313f74fdfe387a867bba93355"},
]

[[package]]
name = "tomli"
version = "2.0.1"
description = "A lil' TOML parser"
optional = false
python-versions = ">=3.7"
files = [
    {file = "tomli-2.0.1-py3-none-any.whl", hash = "sha256:939de3e7a6161af0c887ef91b7d41a53e7c5a1ca976325f429cb46ea9bc30ecc"},
    {file = "tomli-2.0.1.tar.gz", hash = "sha256:de526c12914f0c550d15924c62d72abc48d6fe7364aa87328337a31007fe8a4f"},
]

[[package]]
name = "typing-extensions"
version = "4.8.0"
description = "Backported and Experimental Type Hints for Python 3.8+"
optional = false
python-versions = ">=3.8"
files = [
    {file = "typing_extensions-4.8.0-py3-none-any.whl", hash = "sha256:8f92fc8806f9a6b641eaa5318da32b44d401efaac0f6678c9bc448ba3605faa0"},
    {file = "typing_extensions-4.8.0.tar.gz", hash = "sha256:df8e4339e9cb77357558cbdbceca33c303714cf861d1eef15e1070055ae8b7ef"},
]

[[package]]
name = "ur-rtde"
version = "1.5.7"
description = "A Python interface for controlling and receiving data from a UR robot using the Real-Time Data Exchange (RTDE) interface of the robot."
optional = false
python-versions = "*"
files = [
    {file = "ur_rtde-1.5.7-cp310-cp310-manylinux_2_17_i686.manylinux2014_i686.whl", hash = "sha256:1f8bd263dc6d1bb4946bfa32fdea53e69feef82229a5c39c3be40af905c8a150"},
    {file = "ur_rtde-1.5.7-cp310-cp310-manylinux_2_17_x86_64.manylinux2014_x86_64.whl", hash = "sha256:fcebf1142c86e0679dbf4406dfa6450eccb1b0cb0e8a4bc07bba180a0f87b703"},
    {file = "ur_rtde-1.5.7-cp310-cp310-win_amd64.whl", hash = "sha256:1e2354ad29e699bb112c1107944db2eebf248b0d9acd88b3822bc9b5e9227fd7"},
    {file = "ur_rtde-1.5.7-cp311-cp311-manylinux_2_17_i686.manylinux2014_i686.whl", hash = "sha256:7529902ce392243dd991324be54351435810155c39678d8146abcc0be5fec470"},
    {file = "ur_rtde-1.5.7-cp311-cp311-manylinux_2_17_x86_64.manylinux2014_x86_64.whl", hash = "sha256:695eab23bed3e97d47a5a078020cb72038b0a16ab3479dec4ded53391d5b7495"},
    {file = "ur_rtde-1.5.7-cp36-cp36m-manylinux_2_17_i686.manylinux2014_i686.whl", hash = "sha256:da76dfbf5c2d68b65b178ab8bd1bb45d82cf223e06f6206a445eb34014d98db7"},
    {file = "ur_rtde-1.5.7-cp36-cp36m-manylinux_2_17_x86_64.manylinux2014_x86_64.whl", hash = "sha256:8cc6f94f319df07e8b7e21a771e82fca6a3e551bf9bce9dd08028233bd84ccee"},
    {file = "ur_rtde-1.5.7-cp36-cp36m-win_amd64.whl", hash = "sha256:64a2394bf26a3ea4ee6e531c092af7130a95350c6b0f85549bb2e4fa7077b5c4"},
    {file = "ur_rtde-1.5.7-cp37-cp37m-manylinux_2_17_i686.manylinux2014_i686.whl", hash = "sha256:45722dd81438b404d6a9c8e367a1b969060d577ab198b066b3f1ade7220c58d9"},
    {file = "ur_rtde-1.5.7-cp37-cp37m-manylinux_2_17_x86_64.manylinux2014_x86_64.whl", hash = "sha256:ef8886e4ea6693c6b91aca9169b77400007c0aa08423ae35a0de62c1933ac661"},
    {file = "ur_rtde-1.5.7-cp37-cp37m-win_amd64.whl", hash = "sha256:387d00c553b704a7ef8caf3a5f79e79c23183f51661295b27b6e7650532f28c0"},
    {file = "ur_rtde-1.5.7-cp38-cp38-manylinux_2_17_i686.manylinux2014_i686.whl", hash = "sha256:35fbf59a5cfbfbef742dfe0481e3c2669de43161bc8651eeb3b7aeeb27ac10bd"},
    {file = "ur_rtde-1.5.7-cp38-cp38-manylinux_2_17_x86_64.manylinux2014_x86_64.whl", hash = "sha256:7eaccddcf8a3a42e40f0f3c7d734d2608450ea6a3a34e3e1b27bc14e4c8c0122"},
    {file = "ur_rtde-1.5.7-cp38-cp38-win_amd64.whl", hash = "sha256:308db46125b21af5ad6f3e24c87853433951e4e1dba340afdc869c724a94bc0f"},
    {file = "ur_rtde-1.5.7-cp39-cp39-manylinux_2_17_i686.manylinux2014_i686.whl", hash = "sha256:f6f447bb45981ae197cf41988bab2e7470a8b2a21c67513caaf837f173d3fdd9"},
    {file = "ur_rtde-1.5.7-cp39-cp39-manylinux_2_17_x86_64.manylinux2014_x86_64.whl", hash = "sha256:ed8cc298a456a8161e64481e2d9166b5bee5e0f46d158b18c8ba100e3f0f9c09"},
    {file = "ur_rtde-1.5.7-cp39-cp39-win_amd64.whl", hash = "sha256:077fef757d2bf7e094d3977dbb8e63e335753938979124f5e058ddb9f9aeaff3"},
    {file = "ur_rtde-1.5.7-pp37-pypy37_pp73-manylinux_2_17_i686.manylinux2014_i686.whl", hash = "sha256:c004cc6e0d41d17e791ce7ed2628a943480df422f37e6cbcf4be15bbf92278c3"},
    {file = "ur_rtde-1.5.7-pp37-pypy37_pp73-manylinux_2_17_x86_64.manylinux2014_x86_64.whl", hash = "sha256:cae85fcc7a78521497eec84b7f14ad0bf6e73c3011147e425c76aea5d159a849"},
    {file = "ur_rtde-1.5.7-pp37-pypy37_pp73-win_amd64.whl", hash = "sha256:fa56a58cfba23f42102e56730e946f310da65e3b5ea4e038380bfed33d57a324"},
    {file = "ur_rtde-1.5.7-pp38-pypy38_pp73-manylinux_2_17_i686.manylinux2014_i686.whl", hash = "sha256:c4fc005e56c49a1c78cde25637e010f7233cc9846a5fb8c0bdfc69ff02ad0770"},
    {file = "ur_rtde-1.5.7-pp38-pypy38_pp73-manylinux_2_17_x86_64.manylinux2014_x86_64.whl", hash = "sha256:6d66af4c8ad0da199469fb3970a64d1fa7cfc979ce56138f0356ec250cf395c0"},
    {file = "ur_rtde-1.5.7-pp38-pypy38_pp73-win_amd64.whl", hash = "sha256:2d230c022ec7ded404ba1e41208327787e81ffcd880fcfc76fff58860add0ca1"},
    {file = "ur_rtde-1.5.7-pp39-pypy39_pp73-manylinux_2_17_i686.manylinux2014_i686.whl", hash = "sha256:38d0ef1c20e04135d6c13f4e59e457dd578464507e9b3a6b728ed830aef2ac09"},
    {file = "ur_rtde-1.5.7-pp39-pypy39_pp73-manylinux_2_17_x86_64.manylinux2014_x86_64.whl", hash = "sha256:5f668e0690e419697ba5558f33e620313e6e64347415fc0115439043db4f5463"},
    {file = "ur_rtde-1.5.7-pp39-pypy39_pp73-win_amd64.whl", hash = "sha256:e351ba9e92b6516c561831b32de277e47fb12e584594d872c01abe1d00cc9604"},
    {file = "ur_rtde-1.5.7.tar.gz", hash = "sha256:a305aa3576d65109ba39e42a5de4e82876d7a1b2af22a7434967717250203ef8"},
]

[[package]]
name = "zipp"
version = "3.17.0"
description = "Backport of pathlib-compatible object wrapper for zip files"
optional = false
python-versions = ">=3.8"
files = [
    {file = "zipp-3.17.0-py3-none-any.whl", hash = "sha256:0e923e726174922dce09c53c59ad483ff7bbb8e572e00c7f7c46b88556409f31"},
    {file = "zipp-3.17.0.tar.gz", hash = "sha256:84e64a1c28cf7e91ed2078bb8cc8c259cb19b76942096c8d7b84947690cabaf0"},
]

[package.extras]
docs = ["furo", "jaraco.packaging (>=9.3)", "jaraco.tidelift (>=1.4)", "rst.linker (>=1.9)", "sphinx (<7.2.5)", "sphinx (>=3.5)", "sphinx-lint"]
testing = ["big-O", "jaraco.functools", "jaraco.itertools", "more-itertools", "pytest (>=6)", "pytest-black (>=0.3.7)", "pytest-checkdocs (>=2.4)", "pytest-cov", "pytest-enabler (>=2.2)", "pytest-ignore-flaky", "pytest-mypy (>=0.9.1)", "pytest-ruff"]

[metadata]
lock-version = "2.0"
python-versions = "^3.10"
content-hash = "1ebdde10ab0312f0005329a14ca2098daeed5aeac04df0db31fcf38f71a703b5"
