# This file is automatically @generated by Poetry 1.7.1 and should not be changed by hand.

[[package]]
name = "jaxtyping"
version = "0.2.34"
description = "Type annotations and runtime checking for shape and dtype of JAX arrays, and PyTrees."
optional = false
python-versions = "~=3.9"
files = [
    {file = "jaxtyping-0.2.34-py3-none-any.whl", hash = "sha256:2f81fb6d1586e497a6ea2d28c06dcab37b108a096cbb36ea3fe4fa2e1c1f32e5"},
    {file = "jaxtyping-0.2.34.tar.gz", hash = "sha256:eed9a3458ec8726c84ea5457ebde53c964f65d2c22c0ec40d0555ae3fed5bbaf"},
]

[package.dependencies]
typeguard = "2.13.3"

[[package]]
name = "typeguard"
version = "2.13.3"
description = "Run-time type checker for Python"
optional = false
python-versions = ">=3.5.3"
files = [
    {file = "typeguard-2.13.3-py3-none-any.whl", hash = "sha256:5e3e3be01e887e7eafae5af63d1f36c849aaa94e3a0112097312aabfa16284f1"},
    {file = "typeguard-2.13.3.tar.gz", hash = "sha256:00edaa8da3a133674796cf5ea87d9f4b4c367d77476e185e80251cc13dfbb8c4"},
]

[package.extras]
doc = ["sphinx-autodoc-typehints (>=1.2.0)", "sphinx-rtd-theme"]
test = ["mypy", "pytest", "typing-extensions"]

[metadata]
lock-version = "2.0"
python-versions = ">=3.9,<4"
content-hash = "13f510964a927913ac89bbc19db90770b1449a154550bee920f4e09116c431fd"
