# This file is automatically @generated by Poetry 1.6.1 and should not be changed by hand.

[[package]]
name = "absl-py"
version = "2.0.0"
description = "Abseil Python Common Libraries, see https://github.com/abseil/abseil-py."
optional = false
python-versions = ">=3.7"
files = [
    {file = "absl-py-2.0.0.tar.gz", hash = "sha256:d9690211c5fcfefcdd1a45470ac2b5c5acd45241c3af71eed96bc5441746c0d5"},
    {file = "absl_py-2.0.0-py3-none-any.whl", hash = "sha256:9a28abb62774ae4e8edbe2dd4c49ffcd45a6a848952a5eccc6a49f3f0fc1e2f3"},
]

[[package]]
name = "black"
version = "23.10.1"
description = "The uncompromising code formatter."
optional = false
python-versions = ">=3.8"
files = [
    {file = "black-23.10.1-cp310-cp310-macosx_10_16_arm64.whl", hash = "sha256:ec3f8e6234c4e46ff9e16d9ae96f4ef69fa328bb4ad08198c8cee45bb1f08c69"},
    {file = "black-23.10.1-cp310-cp310-macosx_10_16_x86_64.whl", hash = "sha256:1b917a2aa020ca600483a7b340c165970b26e9029067f019e3755b56e8dd5916"},
    {file = "black-23.10.1-cp310-cp310-manylinux_2_17_x86_64.manylinux2014_x86_64.whl", hash = "sha256:9c74de4c77b849e6359c6f01987e94873c707098322b91490d24296f66d067dc"},
    {file = "black-23.10.1-cp310-cp310-win_amd64.whl", hash = "sha256:7b4d10b0f016616a0d93d24a448100adf1699712fb7a4efd0e2c32bbb219b173"},
    {file = "black-23.10.1-cp311-cp311-macosx_10_16_arm64.whl", hash = "sha256:b15b75fc53a2fbcac8a87d3e20f69874d161beef13954747e053bca7a1ce53a0"},
    {file = "black-23.10.1-cp311-cp311-macosx_10_16_x86_64.whl", hash = "sha256:e293e4c2f4a992b980032bbd62df07c1bcff82d6964d6c9496f2cd726e246ace"},
    {file = "black-23.10.1-cp311-cp311-manylinux_2_17_x86_64.manylinux2014_x86_64.whl", hash = "sha256:7d56124b7a61d092cb52cce34182a5280e160e6aff3137172a68c2c2c4b76bcb"},
    {file = "black-23.10.1-cp311-cp311-win_amd64.whl", hash = "sha256:3f157a8945a7b2d424da3335f7ace89c14a3b0625e6593d21139c2d8214d55ce"},
    {file = "black-23.10.1-cp38-cp38-macosx_10_16_arm64.whl", hash = "sha256:cfcce6f0a384d0da692119f2d72d79ed07c7159879d0bb1bb32d2e443382bf3a"},
    {file = "black-23.10.1-cp38-cp38-macosx_10_16_x86_64.whl", hash = "sha256:33d40f5b06be80c1bbce17b173cda17994fbad096ce60eb22054da021bf933d1"},
    {file = "black-23.10.1-cp38-cp38-manylinux_2_17_x86_64.manylinux2014_x86_64.whl", hash = "sha256:840015166dbdfbc47992871325799fd2dc0dcf9395e401ada6d88fe11498abad"},
    {file = "black-23.10.1-cp38-cp38-win_amd64.whl", hash = "sha256:037e9b4664cafda5f025a1728c50a9e9aedb99a759c89f760bd83730e76ba884"},
    {file = "black-23.10.1-cp39-cp39-macosx_10_16_arm64.whl", hash = "sha256:7cb5936e686e782fddb1c73f8aa6f459e1ad38a6a7b0e54b403f1f05a1507ee9"},
    {file = "black-23.10.1-cp39-cp39-macosx_10_16_x86_64.whl", hash = "sha256:7670242e90dc129c539e9ca17665e39a146a761e681805c54fbd86015c7c84f7"},
    {file = "black-23.10.1-cp39-cp39-manylinux_2_17_x86_64.manylinux2014_x86_64.whl", hash = "sha256:5ed45ac9a613fb52dad3b61c8dea2ec9510bf3108d4db88422bacc7d1ba1243d"},
    {file = "black-23.10.1-cp39-cp39-win_amd64.whl", hash = "sha256:6d23d7822140e3fef190734216cefb262521789367fbdc0b3f22af6744058982"},
    {file = "black-23.10.1-py3-none-any.whl", hash = "sha256:d431e6739f727bb2e0495df64a6c7a5310758e87505f5f8cde9ff6c0f2d7e4fe"},
    {file = "black-23.10.1.tar.gz", hash = "sha256:1f8ce316753428ff68749c65a5f7844631aa18c8679dfd3ca9dc1a289979c258"},
]

[package.dependencies]
click = ">=8.0.0"
mypy-extensions = ">=0.4.3"
packaging = ">=22.0"
pathspec = ">=0.9.0"
platformdirs = ">=2"
tomli = {version = ">=1.1.0", markers = "python_version < \"3.11\""}
typing-extensions = {version = ">=4.0.1", markers = "python_version < \"3.11\""}

[package.extras]
colorama = ["colorama (>=0.4.3)"]
d = ["aiohttp (>=3.7.4)"]
jupyter = ["ipython (>=7.8.0)", "tokenize-rt (>=3.2.0)"]
uvloop = ["uvloop (>=0.15.2)"]

[[package]]
name = "click"
version = "8.1.7"
description = "Composable command line interface toolkit"
optional = false
python-versions = ">=3.7"
files = [
    {file = "click-8.1.7-py3-none-any.whl", hash = "sha256:ae74fb96c20a0277a1d615f1e4d73c8414f5a98db8b799a7931d1582f3390c28"},
    {file = "click-8.1.7.tar.gz", hash = "sha256:ca9853ad459e787e2192211578cc907e7594e294c7ccc834310722b41b9ca6de"},
]

[package.dependencies]
colorama = {version = "*", markers = "platform_system == \"Windows\""}

[[package]]
name = "colorama"
version = "0.4.6"
description = "Cross-platform colored terminal text."
optional = false
python-versions = "!=3.0.*,!=3.1.*,!=3.2.*,!=3.3.*,!=3.4.*,!=3.5.*,!=3.6.*,>=2.7"
files = [
    {file = "colorama-0.4.6-py2.py3-none-any.whl", hash = "sha256:4f1d9991f5acc0ca119f9d443620b77f9d6b33703e51011c16baf57afb285fc6"},
    {file = "colorama-0.4.6.tar.gz", hash = "sha256:08695f5cb7ed6e0531a20572697297273c47b8cae5a63ffc6d6ed5c201be6e44"},
]

[[package]]
name = "etils"
version = "1.5.2"
description = "Collection of common python utils"
optional = false
python-versions = ">=3.9"
files = [
    {file = "etils-1.5.2-py3-none-any.whl", hash = "sha256:6dc882d355e1e98a5d1a148d6323679dc47c9a5792939b9de72615aa4737eb0b"},
    {file = "etils-1.5.2.tar.gz", hash = "sha256:ba6a3e1aff95c769130776aa176c11540637f5dd881f3b79172a5149b6b1c446"},
]

[package.dependencies]
fsspec = {version = "*", optional = true, markers = "extra == \"epath\""}
importlib_resources = {version = "*", optional = true, markers = "extra == \"epath\""}
typing_extensions = {version = "*", optional = true, markers = "extra == \"epy\""}
zipp = {version = "*", optional = true, markers = "extra == \"epath\""}

[package.extras]
all = ["etils[array-types]", "etils[eapp]", "etils[ecolab]", "etils[edc]", "etils[enp]", "etils[epath-gcs]", "etils[epath-s3]", "etils[epath]", "etils[epy]", "etils[etqdm]", "etils[etree-dm]", "etils[etree-jax]", "etils[etree-tf]", "etils[etree]"]
array-types = ["etils[enp]"]
dev = ["chex", "dataclass_array", "optree", "pyink", "pylint (>=2.6.0)", "pytest", "pytest-subtests", "pytest-xdist", "torch"]
docs = ["etils[all,dev]", "sphinx-apitree[ext]"]
eapp = ["absl-py", "etils[epy]", "simple_parsing"]
ecolab = ["etils[enp]", "etils[epy]", "jupyter", "mediapy", "numpy", "packaging"]
edc = ["etils[epy]"]
enp = ["etils[epy]", "numpy"]
epath = ["etils[epy]", "fsspec", "importlib_resources", "typing_extensions", "zipp"]
epath-gcs = ["etils[epath]", "gcsfs"]
epath-s3 = ["etils[epath]", "s3fs"]
epy = ["typing_extensions"]
etqdm = ["absl-py", "etils[epy]", "tqdm"]
etree = ["etils[array-types]", "etils[enp]", "etils[epy]", "etils[etqdm]"]
etree-dm = ["dm-tree", "etils[etree]"]
etree-jax = ["etils[etree]", "jax[cpu]"]
etree-tf = ["etils[etree]", "tensorflow"]
lazy-imports = ["etils[ecolab]"]

[[package]]
name = "fsspec"
version = "2023.10.0"
description = "File-system specification"
optional = false
python-versions = ">=3.8"
files = [
    {file = "fsspec-2023.10.0-py3-none-any.whl", hash = "sha256:346a8f024efeb749d2a5fca7ba8854474b1ff9af7c3faaf636a4548781136529"},
    {file = "fsspec-2023.10.0.tar.gz", hash = "sha256:330c66757591df346ad3091a53bd907e15348c2ba17d63fd54f5c39c4457d2a5"},
]

[package.extras]
abfs = ["adlfs"]
adl = ["adlfs"]
arrow = ["pyarrow (>=1)"]
dask = ["dask", "distributed"]
devel = ["pytest", "pytest-cov"]
dropbox = ["dropbox", "dropboxdrivefs", "requests"]
full = ["adlfs", "aiohttp (!=4.0.0a0,!=4.0.0a1)", "dask", "distributed", "dropbox", "dropboxdrivefs", "fusepy", "gcsfs", "libarchive-c", "ocifs", "panel", "paramiko", "pyarrow (>=1)", "pygit2", "requests", "s3fs", "smbprotocol", "tqdm"]
fuse = ["fusepy"]
gcs = ["gcsfs"]
git = ["pygit2"]
github = ["requests"]
gs = ["gcsfs"]
gui = ["panel"]
hdfs = ["pyarrow (>=1)"]
http = ["aiohttp (!=4.0.0a0,!=4.0.0a1)", "requests"]
libarchive = ["libarchive-c"]
oci = ["ocifs"]
s3 = ["s3fs"]
sftp = ["paramiko"]
smb = ["smbprotocol"]
ssh = ["paramiko"]
tqdm = ["tqdm"]

[[package]]
name = "glfw"
version = "2.6.2"
description = "A ctypes-based wrapper for GLFW3."
optional = false
python-versions = "*"
files = [
    {file = "glfw-2.6.2-py2.py27.py3.py30.py31.py32.py33.py34.py35.py36.py37.py38-none-macosx_10_6_intel.whl", hash = "sha256:d8e4f087eba45f7f4815e3e912867ed5ca16d1047b0958c52047f5b53be67059"},
    {file = "glfw-2.6.2-py2.py27.py3.py30.py31.py32.py33.py34.py35.py36.py37.py38-none-macosx_11_0_arm64.whl", hash = "sha256:faa5596aad5490cdd8657931a66636508c1015a8b7b47018318bb72fcd2b9014"},
    {file = "glfw-2.6.2-py2.py27.py3.py30.py31.py32.py33.py34.py35.py36.py37.py38-none-manylinux2010_i686.whl", hash = "sha256:cb04ace3b2162dcfcf642e1011babfc0fd099cfedba41936b8057d76a7e3f413"},
    {file = "glfw-2.6.2-py2.py27.py3.py30.py31.py32.py33.py34.py35.py36.py37.py38-none-manylinux2010_x86_64.whl", hash = "sha256:a862a45cc503d604abfabc6ca6ed3c8e78e1941cbbb1161796db525032268ae0"},
    {file = "glfw-2.6.2-py2.py27.py3.py30.py31.py32.py33.py34.py35.py36.py37.py38-none-manylinux2014_aarch64.whl", hash = "sha256:fb56cd24f9e173cdddc8f6ebaac4f52304a1dfcae1dadd583038355b73c1ae06"},
    {file = "glfw-2.6.2-py2.py27.py3.py30.py31.py32.py33.py34.py35.py36.py37.py38-none-manylinux2014_x86_64.whl", hash = "sha256:c385c9976133aed57ff4f0ff5210276844cefb4d8a7bf61bbcc1caf10385744b"},
    {file = "glfw-2.6.2-py2.py27.py3.py30.py31.py32.py33.py34.py35.py36.py37.py38-none-win32.whl", hash = "sha256:53f586291223abef652def28b82c309b0bd9d111fa409d05359aff6f35b0f3ab"},
    {file = "glfw-2.6.2-py2.py27.py3.py30.py31.py32.py33.py34.py35.py36.py37.py38-none-win_amd64.whl", hash = "sha256:c2dcf2395d99ff2506428213bee305bb9ba024043d1f574216e61e6f5df808e9"},
    {file = "glfw-2.6.2.tar.gz", hash = "sha256:4e0a6eac41301640ce9fe7493d08a83c72eebb7e32f78d2efb094514e770d3c4"},
]

[package.extras]
preview = ["glfw-preview"]

[[package]]
name = "importlib-resources"
version = "6.1.1"
description = "Read resources from Python packages"
optional = false
python-versions = ">=3.8"
files = [
    {file = "importlib_resources-6.1.1-py3-none-any.whl", hash = "sha256:e8bf90d8213b486f428c9c39714b920041cb02c184686a3dee24905aaa8105d6"},
    {file = "importlib_resources-6.1.1.tar.gz", hash = "sha256:3893a00122eafde6894c59914446a512f728a0c1a45f9bb9b63721b6bacf0b4a"},
]

[package.dependencies]
zipp = {version = ">=3.1.0", markers = "python_version < \"3.10\""}

[package.extras]
docs = ["furo", "jaraco.packaging (>=9.3)", "jaraco.tidelift (>=1.4)", "rst.linker (>=1.9)", "sphinx (<7.2.5)", "sphinx (>=3.5)", "sphinx-lint"]
testing = ["pytest (>=6)", "pytest-black (>=0.3.7)", "pytest-checkdocs (>=2.4)", "pytest-cov", "pytest-enabler (>=2.2)", "pytest-mypy (>=0.9.1)", "pytest-ruff", "zipp (>=3.17)"]

[[package]]
name = "joblib"
version = "1.3.2"
description = "Lightweight pipelining with Python functions"
optional = false
python-versions = ">=3.7"
files = [
    {file = "joblib-1.3.2-py3-none-any.whl", hash = "sha256:ef4331c65f239985f3f2220ecc87db222f08fd22097a3dd5698f693875f8cbb9"},
    {file = "joblib-1.3.2.tar.gz", hash = "sha256:92f865e621e17784e7955080b6d042489e3b8e294949cc44c6eac304f59772b1"},
]

[[package]]
name = "mujoco"
version = "3.0.0"
description = "MuJoCo Physics Simulator"
optional = false
python-versions = ">=3.8"
files = [
    {file = "mujoco-3.0.0-cp310-cp310-macosx_11_0_arm64.whl", hash = "sha256:374eccd5230a596258dfb585e1715d724eedd01ce1698a475a03e89f5778af86"},
    {file = "mujoco-3.0.0-cp310-cp310-macosx_11_0_x86_64.whl", hash = "sha256:eec1c4b6f1244ffe0bb2d20799c4f11695a31f769618a9b074929aa37fd917e1"},
    {file = "mujoco-3.0.0-cp310-cp310-manylinux_2_17_aarch64.manylinux2014_aarch64.whl", hash = "sha256:9cea3b11b5c3778edc1e884882d3b95e2cdca1119310b049246a7dc31cdc4353"},
    {file = "mujoco-3.0.0-cp310-cp310-manylinux_2_17_x86_64.manylinux2014_x86_64.whl", hash = "sha256:47e87d58c84878f2a1e1190639fab1067c0268fbbf543ee5d4a235bf6a083076"},
    {file = "mujoco-3.0.0-cp310-cp310-win_amd64.whl", hash = "sha256:417f2d6b91ceaad0cb9288724389b1cd12379f0fd922d18bba6f8a1fd5d342ca"},
    {file = "mujoco-3.0.0-cp311-cp311-macosx_11_0_arm64.whl", hash = "sha256:cbb975f4c6e39ccf77e1f991bc57f109c8d8022cc1250342238ae9b1ceb166f6"},
    {file = "mujoco-3.0.0-cp311-cp311-macosx_11_0_x86_64.whl", hash = "sha256:1b6b88e8d0b25f74ace73abfb858437336dd3c17d30247920523eccc44021494"},
    {file = "mujoco-3.0.0-cp311-cp311-manylinux_2_17_aarch64.manylinux2014_aarch64.whl", hash = "sha256:079a4cce77dad97661132d0f4510de7b36cada4acf7db1f060e56cd4bb912acd"},
    {file = "mujoco-3.0.0-cp311-cp311-manylinux_2_17_x86_64.manylinux2014_x86_64.whl", hash = "sha256:32a08fb8f67c389153f4c349f95560c0c0c3cea3a5b101c52feab4e87937fa21"},
    {file = "mujoco-3.0.0-cp311-cp311-win_amd64.whl", hash = "sha256:8a8c9d05b31d493695ce686dfa5e919f9ec1aa45011fff24241d8c6b30806566"},
    {file = "mujoco-3.0.0-cp312-cp312-macosx_11_0_arm64.whl", hash = "sha256:5081bcbf4430bdd62d702fded13c921e55d37f29690da42bf1e5b72c7f3e6950"},
    {file = "mujoco-3.0.0-cp312-cp312-macosx_11_0_x86_64.whl", hash = "sha256:38849bc3fdfe4a336e9239748c8d2e05a1f06dcca9537b7cd0a5b0fbe15ffc56"},
    {file = "mujoco-3.0.0-cp312-cp312-manylinux_2_17_aarch64.manylinux2014_aarch64.whl", hash = "sha256:3fb2a3fc9c978059a918ba2e0f6e7925dda721c708a9d90dc08ea98aed376c3d"},
    {file = "mujoco-3.0.0-cp312-cp312-manylinux_2_17_x86_64.manylinux2014_x86_64.whl", hash = "sha256:effd1c0d58ef1bab098fb24a5db5d7f9151010a382ee9e85b95ddb15999beae4"},
    {file = "mujoco-3.0.0-cp312-cp312-win_amd64.whl", hash = "sha256:7302ad75ba65d4aa6e7d9eece1baa71ae248961b5f7b862f9e8239400e0007b3"},
    {file = "mujoco-3.0.0-cp38-cp38-macosx_11_0_arm64.whl", hash = "sha256:8b0b3c1863db40612994b219e5e6ef1bcea5238c90414f467abe8d93a8b86949"},
    {file = "mujoco-3.0.0-cp38-cp38-macosx_11_0_x86_64.whl", hash = "sha256:0d67a84d7b63b73090a309cdf9f907ccf21a93f0a3faa9b761b8a646e75be264"},
    {file = "mujoco-3.0.0-cp38-cp38-manylinux_2_17_aarch64.manylinux2014_aarch64.whl", hash = "sha256:f5f42fc7c0b74e6c4c250f2bfb30d50e1f300960b61582934c79c1958704b3e2"},
    {file = "mujoco-3.0.0-cp38-cp38-manylinux_2_17_x86_64.manylinux2014_x86_64.whl", hash = "sha256:bac79c8dd9e0d5135f5c247356515a049514d386987415483cf63c2f799f48c2"},
    {file = "mujoco-3.0.0-cp38-cp38-win_amd64.whl", hash = "sha256:c3fa9b25b76e7d68f34989f536192798b0f5cb13a37296aea63bdf84bda9615c"},
    {file = "mujoco-3.0.0-cp39-cp39-macosx_11_0_arm64.whl", hash = "sha256:de5b9accb627d13e2daf6946651890042a7b2bca080cd54d69c284a903004535"},
    {file = "mujoco-3.0.0-cp39-cp39-macosx_11_0_x86_64.whl", hash = "sha256:aeabecf603ec2b6ea7a522eee8750aabacf7865b838a8de57e1ccb6e2942c678"},
    {file = "mujoco-3.0.0-cp39-cp39-manylinux_2_17_aarch64.manylinux2014_aarch64.whl", hash = "sha256:0dea5d9187cc85b1de602b10d61615b751315b0554a745313d4d03806dd994c5"},
    {file = "mujoco-3.0.0-cp39-cp39-manylinux_2_17_x86_64.manylinux2014_x86_64.whl", hash = "sha256:e43cce6e991778f7b0a723bb310f890f33342a3807076e1eb86c4ea04bd5dd9b"},
    {file = "mujoco-3.0.0-cp39-cp39-win_amd64.whl", hash = "sha256:bf6c2c425b682c469a2e91e1d73133a11a2fe183bb2e2c9785ee80d8051299a8"},
    {file = "mujoco-3.0.0.tar.gz", hash = "sha256:d8898a0df9bd842391687ee2a2efcba7defd5520ae80233f1aa9dbfc291378ec"},
]

[package.dependencies]
absl-py = "*"
etils = {version = "*", extras = ["epath"]}
glfw = "*"
numpy = "*"
pyopengl = "*"

[[package]]
name = "mypy-extensions"
version = "1.0.0"
description = "Type system extensions for programs checked with the mypy type checker."
optional = false
python-versions = ">=3.5"
files = [
    {file = "mypy_extensions-1.0.0-py3-none-any.whl", hash = "sha256:4392f6c0eb8a5668a69e23d168ffa70f0be9ccfd32b5cc2d26a34ae5b844552d"},
    {file = "mypy_extensions-1.0.0.tar.gz", hash = "sha256:75dbf8955dc00442a438fc4d0666508a9a97b6bd41aa2f0ffe9d2f2725af0782"},
]

[[package]]
name = "numpy"
version = "1.26.0"
description = "Fundamental package for array computing in Python"
optional = false
python-versions = "<3.13,>=3.9"
files = [
    {file = "numpy-1.26.0-cp310-cp310-macosx_10_9_x86_64.whl", hash = "sha256:f8db2f125746e44dce707dd44d4f4efeea8d7e2b43aace3f8d1f235cfa2733dd"},
    {file = "numpy-1.26.0-cp310-cp310-macosx_11_0_arm64.whl", hash = "sha256:0621f7daf973d34d18b4e4bafb210bbaf1ef5e0100b5fa750bd9cde84c7ac292"},
    {file = "numpy-1.26.0-cp310-cp310-manylinux_2_17_aarch64.manylinux2014_aarch64.whl", hash = "sha256:51be5f8c349fdd1a5568e72713a21f518e7d6707bcf8503b528b88d33b57dc68"},
    {file = "numpy-1.26.0-cp310-cp310-manylinux_2_17_x86_64.manylinux2014_x86_64.whl", hash = "sha256:767254ad364991ccfc4d81b8152912e53e103ec192d1bb4ea6b1f5a7117040be"},
    {file = "numpy-1.26.0-cp310-cp310-musllinux_1_1_x86_64.whl", hash = "sha256:436c8e9a4bdeeee84e3e59614d38c3dbd3235838a877af8c211cfcac8a80b8d3"},
    {file = "numpy-1.26.0-cp310-cp310-win32.whl", hash = "sha256:c2e698cb0c6dda9372ea98a0344245ee65bdc1c9dd939cceed6bb91256837896"},
    {file = "numpy-1.26.0-cp310-cp310-win_amd64.whl", hash = "sha256:09aaee96c2cbdea95de76ecb8a586cb687d281c881f5f17bfc0fb7f5890f6b91"},
    {file = "numpy-1.26.0-cp311-cp311-macosx_10_9_x86_64.whl", hash = "sha256:637c58b468a69869258b8ae26f4a4c6ff8abffd4a8334c830ffb63e0feefe99a"},
    {file = "numpy-1.26.0-cp311-cp311-macosx_11_0_arm64.whl", hash = "sha256:306545e234503a24fe9ae95ebf84d25cba1fdc27db971aa2d9f1ab6bba19a9dd"},
    {file = "numpy-1.26.0-cp311-cp311-manylinux_2_17_aarch64.manylinux2014_aarch64.whl", hash = "sha256:8c6adc33561bd1d46f81131d5352348350fc23df4d742bb246cdfca606ea1208"},
    {file = "numpy-1.26.0-cp311-cp311-manylinux_2_17_x86_64.manylinux2014_x86_64.whl", hash = "sha256:e062aa24638bb5018b7841977c360d2f5917268d125c833a686b7cbabbec496c"},
    {file = "numpy-1.26.0-cp311-cp311-musllinux_1_1_x86_64.whl", hash = "sha256:546b7dd7e22f3c6861463bebb000646fa730e55df5ee4a0224408b5694cc6148"},
    {file = "numpy-1.26.0-cp311-cp311-win32.whl", hash = "sha256:c0b45c8b65b79337dee5134d038346d30e109e9e2e9d43464a2970e5c0e93229"},
    {file = "numpy-1.26.0-cp311-cp311-win_amd64.whl", hash = "sha256:eae430ecf5794cb7ae7fa3808740b015aa80747e5266153128ef055975a72b99"},
    {file = "numpy-1.26.0-cp312-cp312-macosx_10_9_x86_64.whl", hash = "sha256:166b36197e9debc4e384e9c652ba60c0bacc216d0fc89e78f973a9760b503388"},
    {file = "numpy-1.26.0-cp312-cp312-macosx_11_0_arm64.whl", hash = "sha256:f042f66d0b4ae6d48e70e28d487376204d3cbf43b84c03bac57e28dac6151581"},
    {file = "numpy-1.26.0-cp312-cp312-manylinux_2_17_aarch64.manylinux2014_aarch64.whl", hash = "sha256:e5e18e5b14a7560d8acf1c596688f4dfd19b4f2945b245a71e5af4ddb7422feb"},
    {file = "numpy-1.26.0-cp312-cp312-manylinux_2_17_x86_64.manylinux2014_x86_64.whl", hash = "sha256:7f6bad22a791226d0a5c7c27a80a20e11cfe09ad5ef9084d4d3fc4a299cca505"},
    {file = "numpy-1.26.0-cp312-cp312-musllinux_1_1_x86_64.whl", hash = "sha256:4acc65dd65da28060e206c8f27a573455ed724e6179941edb19f97e58161bb69"},
    {file = "numpy-1.26.0-cp312-cp312-win32.whl", hash = "sha256:bb0d9a1aaf5f1cb7967320e80690a1d7ff69f1d47ebc5a9bea013e3a21faec95"},
    {file = "numpy-1.26.0-cp312-cp312-win_amd64.whl", hash = "sha256:ee84ca3c58fe48b8ddafdeb1db87388dce2c3c3f701bf447b05e4cfcc3679112"},
    {file = "numpy-1.26.0-cp39-cp39-macosx_10_9_x86_64.whl", hash = "sha256:4a873a8180479bc829313e8d9798d5234dfacfc2e8a7ac188418189bb8eafbd2"},
    {file = "numpy-1.26.0-cp39-cp39-macosx_11_0_arm64.whl", hash = "sha256:914b28d3215e0c721dc75db3ad6d62f51f630cb0c277e6b3bcb39519bed10bd8"},
    {file = "numpy-1.26.0-cp39-cp39-manylinux_2_17_aarch64.manylinux2014_aarch64.whl", hash = "sha256:c78a22e95182fb2e7874712433eaa610478a3caf86f28c621708d35fa4fd6e7f"},
    {file = "numpy-1.26.0-cp39-cp39-manylinux_2_17_x86_64.manylinux2014_x86_64.whl", hash = "sha256:86f737708b366c36b76e953c46ba5827d8c27b7a8c9d0f471810728e5a2fe57c"},
    {file = "numpy-1.26.0-cp39-cp39-musllinux_1_1_x86_64.whl", hash = "sha256:b44e6a09afc12952a7d2a58ca0a2429ee0d49a4f89d83a0a11052da696440e49"},
    {file = "numpy-1.26.0-cp39-cp39-win32.whl", hash = "sha256:5671338034b820c8d58c81ad1dafc0ed5a00771a82fccc71d6438df00302094b"},
    {file = "numpy-1.26.0-cp39-cp39-win_amd64.whl", hash = "sha256:020cdbee66ed46b671429c7265cf00d8ac91c046901c55684954c3958525dab2"},
    {file = "numpy-1.26.0-pp39-pypy39_pp73-macosx_10_9_x86_64.whl", hash = "sha256:0792824ce2f7ea0c82ed2e4fecc29bb86bee0567a080dacaf2e0a01fe7654369"},
    {file = "numpy-1.26.0-pp39-pypy39_pp73-manylinux_2_17_x86_64.manylinux2014_x86_64.whl", hash = "sha256:7d484292eaeb3e84a51432a94f53578689ffdea3f90e10c8b203a99be5af57d8"},
    {file = "numpy-1.26.0-pp39-pypy39_pp73-win_amd64.whl", hash = "sha256:186ba67fad3c60dbe8a3abff3b67a91351100f2661c8e2a80364ae6279720299"},
    {file = "numpy-1.26.0.tar.gz", hash = "sha256:f93fc78fe8bf15afe2b8d6b6499f1c73953169fad1e9a8dd086cdff3190e7fdf"},
]

[[package]]
name = "packaging"
version = "23.2"
description = "Core utilities for Python packages"
optional = false
python-versions = ">=3.7"
files = [
    {file = "packaging-23.2-py3-none-any.whl", hash = "sha256:8c491190033a9af7e1d931d0b5dacc2ef47509b34dd0de67ed209b5203fc88c7"},
    {file = "packaging-23.2.tar.gz", hash = "sha256:048fb0e9405036518eaaf48a55953c750c11e1a1b68e0dd1a9d62ed0c092cfc5"},
]

[[package]]
name = "pathspec"
version = "0.11.2"
description = "Utility library for gitignore style pattern matching of file paths."
optional = false
python-versions = ">=3.7"
files = [
    {file = "pathspec-0.11.2-py3-none-any.whl", hash = "sha256:1d6ed233af05e679efb96b1851550ea95bbb64b7c490b0f5aa52996c11e92a20"},
    {file = "pathspec-0.11.2.tar.gz", hash = "sha256:e0d8d0ac2f12da61956eb2306b69f9469b42f4deb0f3cb6ed47b9cce9996ced3"},
]

[[package]]
name = "platformdirs"
version = "3.11.0"
description = "A small Python package for determining appropriate platform-specific dirs, e.g. a \"user data dir\"."
optional = false
python-versions = ">=3.7"
files = [
    {file = "platformdirs-3.11.0-py3-none-any.whl", hash = "sha256:e9d171d00af68be50e9202731309c4e658fd8bc76f55c11c7dd760d023bda68e"},
    {file = "platformdirs-3.11.0.tar.gz", hash = "sha256:cf8ee52a3afdb965072dcc652433e0c7e3e40cf5ea1477cd4b3b1d2eb75495b3"},
]

[package.extras]
docs = ["furo (>=2023.7.26)", "proselint (>=0.13)", "sphinx (>=7.1.1)", "sphinx-autodoc-typehints (>=1.24)"]
test = ["appdirs (==1.4.4)", "covdefaults (>=2.3)", "pytest (>=7.4)", "pytest-cov (>=4.1)", "pytest-mock (>=3.11.1)"]

[[package]]
name = "pybullet"
version = "3.2.5"
description = "Official Python Interface for the Bullet Physics SDK specialized for Robotics Simulation and Reinforcement Learning"
optional = false
python-versions = "*"
files = [
    {file = "pybullet-3.2.5-cp27-cp27m-manylinux_2_5_x86_64.manylinux1_x86_64.whl", hash = "sha256:4970aec0dd968924f6b1820655a20f80650da2f85ba38b641937c9701a8a2b14"},
    {file = "pybullet-3.2.5-cp27-cp27mu-manylinux_2_5_x86_64.manylinux1_x86_64.whl", hash = "sha256:b64e4523a11d03729035e0a5baa0ce4d2ca58de8d0a242c0b91e8253781b24c4"},
    {file = "pybullet-3.2.5-cp35-cp35m-manylinux_2_5_x86_64.manylinux1_x86_64.whl", hash = "sha256:49e80fd708a3ffd1d0dac3149e13852bd59cca056bb328bf35b25ea26a8bf504"},
    {file = "pybullet-3.2.5-cp36-cp36m-manylinux_2_5_x86_64.manylinux1_x86_64.whl", hash = "sha256:56456b7b53ab00f33d52a3eb96fb0d7b4b8e16f21987d727b34baecc2019702f"},
    {file = "pybullet-3.2.5-cp37-cp37m-manylinux_2_5_x86_64.manylinux1_x86_64.whl", hash = "sha256:3e22fdb949d0a67e18cc3e248d6199ff788704c68c3edbfc3b5c02fc58f52f9a"},
    {file = "pybullet-3.2.5-cp38-cp38-manylinux_2_5_x86_64.manylinux1_x86_64.whl", hash = "sha256:3f9c4289f1773b55915f4efb7514b088539d59b4a082465d68ee7caac11355d1"},
    {file = "pybullet-3.2.5-cp39-cp39-manylinux_2_5_x86_64.manylinux1_x86_64.whl", hash = "sha256:9adcaa00de674a02549949f6f8d51b485bd7a23fbc87a1defb2067e1364f8202"},
    {file = "pybullet-3.2.5.tar.gz", hash = "sha256:1bcb9afb87a086be1b2de18f084d1fdab8194da1bf71f264743ca26baa39c351"},
]

[[package]]
name = "pyopengl"
version = "3.1.7"
description = "Standard OpenGL bindings for Python"
optional = false
python-versions = "*"
files = [
    {file = "PyOpenGL-3.1.7-py3-none-any.whl", hash = "sha256:a6ab19cf290df6101aaf7470843a9c46207789855746399d0af92521a0a92b7a"},
    {file = "PyOpenGL-3.1.7.tar.gz", hash = "sha256:eef31a3888e6984fd4d8e6c9961b184c9813ca82604d37fe3da80eb000a76c86"},
]

[[package]]
name = "scikit-learn"
version = "1.3.1"
description = "A set of python modules for machine learning and data mining"
optional = false
python-versions = ">=3.8"
files = [
    {file = "scikit-learn-1.3.1.tar.gz", hash = "sha256:1a231cced3ee3fa04756b4a7ab532dc9417acd581a330adff5f2c01ac2831fcf"},
    {file = "scikit_learn-1.3.1-cp310-cp310-macosx_10_9_x86_64.whl", hash = "sha256:3153612ff8d36fa4e35ef8b897167119213698ea78f3fd130b4068e6f8d2da5a"},
    {file = "scikit_learn-1.3.1-cp310-cp310-macosx_12_0_arm64.whl", hash = "sha256:6bb9490fdb8e7e00f1354621689187bef3cab289c9b869688f805bf724434755"},
    {file = "scikit_learn-1.3.1-cp310-cp310-manylinux_2_17_aarch64.manylinux2014_aarch64.whl", hash = "sha256:a7135a03af71138669f19bc96e7d0cc8081aed4b3565cc3b131135d65fc642ba"},
    {file = "scikit_learn-1.3.1-cp310-cp310-manylinux_2_17_x86_64.manylinux2014_x86_64.whl", hash = "sha256:7d8dee8c1f40eeba49a85fe378bdf70a07bb64aba1a08fda1e0f48d27edfc3e6"},
    {file = "scikit_learn-1.3.1-cp310-cp310-win_amd64.whl", hash = "sha256:4d379f2b34096105a96bd857b88601dffe7389bd55750f6f29aaa37bc6272eb5"},
    {file = "scikit_learn-1.3.1-cp311-cp311-macosx_10_9_x86_64.whl", hash = "sha256:14e8775eba072ab10866a7e0596bc9906873e22c4c370a651223372eb62de180"},
    {file = "scikit_learn-1.3.1-cp311-cp311-macosx_12_0_arm64.whl", hash = "sha256:58b0c2490eff8355dc26e884487bf8edaccf2ba48d09b194fb2f3a026dd64f9d"},
    {file = "scikit_learn-1.3.1-cp311-cp311-manylinux_2_17_aarch64.manylinux2014_aarch64.whl", hash = "sha256:f66eddfda9d45dd6cadcd706b65669ce1df84b8549875691b1f403730bdef217"},
    {file = "scikit_learn-1.3.1-cp311-cp311-manylinux_2_17_x86_64.manylinux2014_x86_64.whl", hash = "sha256:c6448c37741145b241eeac617028ba6ec2119e1339b1385c9720dae31367f2be"},
    {file = "scikit_learn-1.3.1-cp311-cp311-win_amd64.whl", hash = "sha256:c413c2c850241998168bbb3bd1bb59ff03b1195a53864f0b80ab092071af6028"},
    {file = "scikit_learn-1.3.1-cp312-cp312-macosx_10_9_x86_64.whl", hash = "sha256:ef540e09873e31569bc8b02c8a9f745ee04d8e1263255a15c9969f6f5caa627f"},
    {file = "scikit_learn-1.3.1-cp312-cp312-macosx_12_0_arm64.whl", hash = "sha256:9147a3a4df4d401e618713880be023e36109c85d8569b3bf5377e6cd3fecdeac"},
    {file = "scikit_learn-1.3.1-cp312-cp312-manylinux_2_17_aarch64.manylinux2014_aarch64.whl", hash = "sha256:d2cd3634695ad192bf71645702b3df498bd1e246fc2d529effdb45a06ab028b4"},
    {file = "scikit_learn-1.3.1-cp312-cp312-manylinux_2_17_x86_64.manylinux2014_x86_64.whl", hash = "sha256:0c275a06c5190c5ce00af0acbb61c06374087949f643ef32d355ece12c4db043"},
    {file = "scikit_learn-1.3.1-cp312-cp312-win_amd64.whl", hash = "sha256:0e1aa8f206d0de814b81b41d60c1ce31f7f2c7354597af38fae46d9c47c45122"},
    {file = "scikit_learn-1.3.1-cp38-cp38-macosx_10_9_x86_64.whl", hash = "sha256:52b77cc08bd555969ec5150788ed50276f5ef83abb72e6f469c5b91a0009bbca"},
    {file = "scikit_learn-1.3.1-cp38-cp38-macosx_12_0_arm64.whl", hash = "sha256:a683394bc3f80b7c312c27f9b14ebea7766b1f0a34faf1a2e9158d80e860ec26"},
    {file = "scikit_learn-1.3.1-cp38-cp38-manylinux_2_17_aarch64.manylinux2014_aarch64.whl", hash = "sha256:a15d964d9eb181c79c190d3dbc2fff7338786bf017e9039571418a1d53dab236"},
    {file = "scikit_learn-1.3.1-cp38-cp38-manylinux_2_17_x86_64.manylinux2014_x86_64.whl", hash = "sha256:0ce9233cdf0cdcf0858a5849d306490bf6de71fa7603a3835124e386e62f2311"},
    {file = "scikit_learn-1.3.1-cp38-cp38-win_amd64.whl", hash = "sha256:1ec668ce003a5b3d12d020d2cde0abd64b262ac5f098b5c84cf9657deb9996a8"},
    {file = "scikit_learn-1.3.1-cp39-cp39-macosx_10_9_x86_64.whl", hash = "sha256:ccbbedae99325628c1d1cbe3916b7ef58a1ce949672d8d39c8b190e10219fd32"},
    {file = "scikit_learn-1.3.1-cp39-cp39-macosx_12_0_arm64.whl", hash = "sha256:845f81c7ceb4ea6bac64ab1c9f2ce8bef0a84d0f21f3bece2126adcc213dfecd"},
    {file = "scikit_learn-1.3.1-cp39-cp39-manylinux_2_17_aarch64.manylinux2014_aarch64.whl", hash = "sha256:8454d57a22d856f1fbf3091bd86f9ebd4bff89088819886dc0c72f47a6c30652"},
    {file = "scikit_learn-1.3.1-cp39-cp39-manylinux_2_17_x86_64.manylinux2014_x86_64.whl", hash = "sha256:8d993fb70a1d78c9798b8f2f28705bfbfcd546b661f9e2e67aa85f81052b9c53"},
    {file = "scikit_learn-1.3.1-cp39-cp39-win_amd64.whl", hash = "sha256:66f7bb1fec37d65f4ef85953e1df5d3c98a0f0141d394dcdaead5a6de9170347"},
]

[package.dependencies]
joblib = ">=1.1.1"
numpy = ">=1.17.3,<2.0"
scipy = ">=1.5.0"
threadpoolctl = ">=2.0.0"

[package.extras]
benchmark = ["matplotlib (>=3.1.3)", "memory-profiler (>=0.57.0)", "pandas (>=1.0.5)"]
docs = ["Pillow (>=7.1.2)", "matplotlib (>=3.1.3)", "memory-profiler (>=0.57.0)", "numpydoc (>=1.2.0)", "pandas (>=1.0.5)", "plotly (>=5.14.0)", "pooch (>=1.6.0)", "scikit-image (>=0.16.2)", "seaborn (>=0.9.0)", "sphinx (>=6.0.0)", "sphinx-copybutton (>=0.5.2)", "sphinx-gallery (>=0.10.1)", "sphinx-prompt (>=1.3.0)", "sphinxext-opengraph (>=0.4.2)"]
examples = ["matplotlib (>=3.1.3)", "pandas (>=1.0.5)", "plotly (>=5.14.0)", "pooch (>=1.6.0)", "scikit-image (>=0.16.2)", "seaborn (>=0.9.0)"]
tests = ["black (>=23.3.0)", "matplotlib (>=3.1.3)", "mypy (>=1.3)", "numpydoc (>=1.2.0)", "pandas (>=1.0.5)", "pooch (>=1.6.0)", "pyamg (>=4.0.0)", "pytest (>=7.1.2)", "pytest-cov (>=2.9.0)", "ruff (>=0.0.272)", "scikit-image (>=0.16.2)"]

[[package]]
name = "scipy"
version = "1.11.2"
description = "Fundamental algorithms for scientific computing in Python"
optional = false
python-versions = "<3.13,>=3.9"
files = [
    {file = "scipy-1.11.2-cp310-cp310-macosx_10_9_x86_64.whl", hash = "sha256:2b997a5369e2d30c97995dcb29d638701f8000d04df01b8e947f206e5d0ac788"},
    {file = "scipy-1.11.2-cp310-cp310-macosx_12_0_arm64.whl", hash = "sha256:95763fbda1206bec41157582bea482f50eb3702c85fffcf6d24394b071c0e87a"},
    {file = "scipy-1.11.2-cp310-cp310-manylinux_2_17_aarch64.manylinux2014_aarch64.whl", hash = "sha256:e367904a0fec76433bf3fbf3e85bf60dae8e9e585ffd21898ab1085a29a04d16"},
    {file = "scipy-1.11.2-cp310-cp310-manylinux_2_17_x86_64.manylinux2014_x86_64.whl", hash = "sha256:d690e1ca993c8f7ede6d22e5637541217fc6a4d3f78b3672a6fe454dbb7eb9a7"},
    {file = "scipy-1.11.2-cp310-cp310-musllinux_1_1_x86_64.whl", hash = "sha256:d2b813bfbe8dec6a75164523de650bad41f4405d35b0fa24c2c28ae07fcefb20"},
    {file = "scipy-1.11.2-cp310-cp310-win_amd64.whl", hash = "sha256:afdb0d983f6135d50770dd979df50bf1c7f58b5b33e0eb8cf5c73c70600eae1d"},
    {file = "scipy-1.11.2-cp311-cp311-macosx_10_9_x86_64.whl", hash = "sha256:8d9886f44ef8c9e776cb7527fb01455bf4f4a46c455c4682edc2c2cc8cd78562"},
    {file = "scipy-1.11.2-cp311-cp311-macosx_12_0_arm64.whl", hash = "sha256:1342ca385c673208f32472830c10110a9dcd053cf0c4b7d4cd7026d0335a6c1d"},
    {file = "scipy-1.11.2-cp311-cp311-manylinux_2_17_aarch64.manylinux2014_aarch64.whl", hash = "sha256:b133f237bd8ba73bad51bc12eb4f2d84cbec999753bf25ba58235e9fc2096d80"},
    {file = "scipy-1.11.2-cp311-cp311-manylinux_2_17_x86_64.manylinux2014_x86_64.whl", hash = "sha256:3aeb87661de987f8ec56fa6950863994cd427209158255a389fc5aea51fa7055"},
    {file = "scipy-1.11.2-cp311-cp311-musllinux_1_1_x86_64.whl", hash = "sha256:90d3b1364e751d8214e325c371f0ee0dd38419268bf4888b2ae1040a6b266b2a"},
    {file = "scipy-1.11.2-cp311-cp311-win_amd64.whl", hash = "sha256:f73102f769ee06041a3aa26b5841359b1a93cc364ce45609657751795e8f4a4a"},
    {file = "scipy-1.11.2-cp312-cp312-macosx_10_9_x86_64.whl", hash = "sha256:fa4909c6c20c3d91480533cddbc0e7c6d849e7d9ded692918c76ce5964997898"},
    {file = "scipy-1.11.2-cp312-cp312-macosx_12_0_arm64.whl", hash = "sha256:ac74b1512d38718fb6a491c439aa7b3605b96b1ed3be6599c17d49d6c60fca18"},
    {file = "scipy-1.11.2-cp312-cp312-manylinux_2_17_aarch64.manylinux2014_aarch64.whl", hash = "sha256:b8425fa963a32936c9773ee3ce44a765d8ff67eed5f4ac81dc1e4a819a238ee9"},
    {file = "scipy-1.11.2-cp312-cp312-manylinux_2_17_x86_64.manylinux2014_x86_64.whl", hash = "sha256:542a757e2a6ec409e71df3d8fd20127afbbacb1c07990cb23c5870c13953d899"},
    {file = "scipy-1.11.2-cp312-cp312-musllinux_1_1_x86_64.whl", hash = "sha256:ea932570b1c2a30edafca922345854ff2cd20d43cd9123b6dacfdecebfc1a80b"},
    {file = "scipy-1.11.2-cp312-cp312-win_amd64.whl", hash = "sha256:4447ad057d7597476f9862ecbd9285bbf13ba9d73ce25acfa4e4b11c6801b4c9"},
    {file = "scipy-1.11.2-cp39-cp39-macosx_10_9_x86_64.whl", hash = "sha256:b0620240ef445b5ddde52460e6bc3483b7c9c750275369379e5f609a1050911c"},
    {file = "scipy-1.11.2-cp39-cp39-macosx_12_0_arm64.whl", hash = "sha256:f28f1f6cfeb48339c192efc6275749b2a25a7e49c4d8369a28b6591da02fbc9a"},
    {file = "scipy-1.11.2-cp39-cp39-manylinux_2_17_aarch64.manylinux2014_aarch64.whl", hash = "sha256:214cdf04bbae7a54784f8431f976704ed607c4bc69ba0d5d5d6a9df84374df76"},
    {file = "scipy-1.11.2-cp39-cp39-manylinux_2_17_x86_64.manylinux2014_x86_64.whl", hash = "sha256:10eb6af2f751aa3424762948e5352f707b0dece77288206f227864ddf675aca0"},
    {file = "scipy-1.11.2-cp39-cp39-musllinux_1_1_x86_64.whl", hash = "sha256:0f3261f14b767b316d7137c66cc4f33a80ea05841b9c87ad83a726205b901423"},
    {file = "scipy-1.11.2-cp39-cp39-win_amd64.whl", hash = "sha256:2c91cf049ffb5575917f2a01da1da082fd24ed48120d08a6e7297dfcac771dcd"},
    {file = "scipy-1.11.2.tar.gz", hash = "sha256:b29318a5e39bd200ca4381d80b065cdf3076c7d7281c5e36569e99273867f61d"},
]

[package.dependencies]
numpy = ">=1.21.6,<1.28.0"

[package.extras]
dev = ["click", "cython-lint (>=0.12.2)", "doit (>=0.36.0)", "mypy", "pycodestyle", "pydevtool", "rich-click", "ruff", "types-psutil", "typing_extensions"]
doc = ["jupytext", "matplotlib (>2)", "myst-nb", "numpydoc", "pooch", "pydata-sphinx-theme (==0.9.0)", "sphinx (!=4.1.0)", "sphinx-design (>=0.2.0)"]
test = ["asv", "gmpy2", "mpmath", "pooch", "pytest", "pytest-cov", "pytest-timeout", "pytest-xdist", "scikit-umfpack", "threadpoolctl"]

[[package]]
name = "threadpoolctl"
version = "3.2.0"
description = "threadpoolctl"
optional = false
python-versions = ">=3.8"
files = [
    {file = "threadpoolctl-3.2.0-py3-none-any.whl", hash = "sha256:2b7818516e423bdaebb97c723f86a7c6b0a83d3f3b0970328d66f4d9104dc032"},
    {file = "threadpoolctl-3.2.0.tar.gz", hash = "sha256:c96a0ba3bdddeaca37dc4cc7344aafad41cdb8c313f74fdfe387a867bba93355"},
]

[[package]]
name = "tomli"
version = "2.0.1"
description = "A lil' TOML parser"
optional = false
python-versions = ">=3.7"
files = [
    {file = "tomli-2.0.1-py3-none-any.whl", hash = "sha256:939de3e7a6161af0c887ef91b7d41a53e7c5a1ca976325f429cb46ea9bc30ecc"},
    {file = "tomli-2.0.1.tar.gz", hash = "sha256:de526c12914f0c550d15924c62d72abc48d6fe7364aa87328337a31007fe8a4f"},
]

[[package]]
name = "trimesh"
version = "4.0.3"
description = "Import, export, process, analyze and view triangular meshes."
optional = false
python-versions = ">=3.7"
files = [
    {file = "trimesh-4.0.3-py3-none-any.whl", hash = "sha256:99b0e4ebd4d55abd2aace5820b97ea9a3d78cb6846f5308e40de59ede82fe7f8"},
    {file = "trimesh-4.0.3.tar.gz", hash = "sha256:4f525c155cb81ddc2018186de37c11d1a3edd7cf363d03c15905cea5cd2b22be"},
]

[package.dependencies]
numpy = "*"

[package.extras]
all = ["trimesh[easy,recommend,test]"]
easy = ["chardet", "colorlog", "embreex", "jsonschema", "lxml", "mapbox-earcut", "networkx", "pillow", "pycollada", "requests", "rtree", "scipy", "setuptools", "shapely", "svg.path", "xxhash"]
recommend = ["glooey", "manifold3d", "meshio", "psutil", "pyglet (<2)", "python-fcl", "scikit-image", "sympy", "vhacdx", "xatlas"]
test = ["black", "coveralls", "ezdxf", "matplotlib", "mypy", "pyinstrument", "pymeshlab", "pytest", "pytest-cov", "ruff"]

[[package]]
name = "typing-extensions"
version = "4.8.0"
description = "Backported and Experimental Type Hints for Python 3.8+"
optional = false
python-versions = ">=3.8"
files = [
    {file = "typing_extensions-4.8.0-py3-none-any.whl", hash = "sha256:8f92fc8806f9a6b641eaa5318da32b44d401efaac0f6678c9bc448ba3605faa0"},
    {file = "typing_extensions-4.8.0.tar.gz", hash = "sha256:df8e4339e9cb77357558cbdbceca33c303714cf861d1eef15e1070055ae8b7ef"},
]

[[package]]
name = "ur-rtde"
version = "1.5.7"
description = "A Python interface for controlling and receiving data from a UR robot using the Real-Time Data Exchange (RTDE) interface of the robot."
optional = false
python-versions = "*"
files = [
    {file = "ur_rtde-1.5.7-cp310-cp310-manylinux_2_17_i686.manylinux2014_i686.whl", hash = "sha256:1f8bd263dc6d1bb4946bfa32fdea53e69feef82229a5c39c3be40af905c8a150"},
    {file = "ur_rtde-1.5.7-cp310-cp310-manylinux_2_17_x86_64.manylinux2014_x86_64.whl", hash = "sha256:fcebf1142c86e0679dbf4406dfa6450eccb1b0cb0e8a4bc07bba180a0f87b703"},
    {file = "ur_rtde-1.5.7-cp310-cp310-win_amd64.whl", hash = "sha256:1e2354ad29e699bb112c1107944db2eebf248b0d9acd88b3822bc9b5e9227fd7"},
    {file = "ur_rtde-1.5.7-cp311-cp311-manylinux_2_17_i686.manylinux2014_i686.whl", hash = "sha256:7529902ce392243dd991324be54351435810155c39678d8146abcc0be5fec470"},
    {file = "ur_rtde-1.5.7-cp311-cp311-manylinux_2_17_x86_64.manylinux2014_x86_64.whl", hash = "sha256:695eab23bed3e97d47a5a078020cb72038b0a16ab3479dec4ded53391d5b7495"},
    {file = "ur_rtde-1.5.7-cp36-cp36m-manylinux_2_17_i686.manylinux2014_i686.whl", hash = "sha256:da76dfbf5c2d68b65b178ab8bd1bb45d82cf223e06f6206a445eb34014d98db7"},
    {file = "ur_rtde-1.5.7-cp36-cp36m-manylinux_2_17_x86_64.manylinux2014_x86_64.whl", hash = "sha256:8cc6f94f319df07e8b7e21a771e82fca6a3e551bf9bce9dd08028233bd84ccee"},
    {file = "ur_rtde-1.5.7-cp36-cp36m-win_amd64.whl", hash = "sha256:64a2394bf26a3ea4ee6e531c092af7130a95350c6b0f85549bb2e4fa7077b5c4"},
    {file = "ur_rtde-1.5.7-cp37-cp37m-manylinux_2_17_i686.manylinux2014_i686.whl", hash = "sha256:45722dd81438b404d6a9c8e367a1b969060d577ab198b066b3f1ade7220c58d9"},
    {file = "ur_rtde-1.5.7-cp37-cp37m-manylinux_2_17_x86_64.manylinux2014_x86_64.whl", hash = "sha256:ef8886e4ea6693c6b91aca9169b77400007c0aa08423ae35a0de62c1933ac661"},
    {file = "ur_rtde-1.5.7-cp37-cp37m-win_amd64.whl", hash = "sha256:387d00c553b704a7ef8caf3a5f79e79c23183f51661295b27b6e7650532f28c0"},
    {file = "ur_rtde-1.5.7-cp38-cp38-manylinux_2_17_i686.manylinux2014_i686.whl", hash = "sha256:35fbf59a5cfbfbef742dfe0481e3c2669de43161bc8651eeb3b7aeeb27ac10bd"},
    {file = "ur_rtde-1.5.7-cp38-cp38-manylinux_2_17_x86_64.manylinux2014_x86_64.whl", hash = "sha256:7eaccddcf8a3a42e40f0f3c7d734d2608450ea6a3a34e3e1b27bc14e4c8c0122"},
    {file = "ur_rtde-1.5.7-cp38-cp38-win_amd64.whl", hash = "sha256:308db46125b21af5ad6f3e24c87853433951e4e1dba340afdc869c724a94bc0f"},
    {file = "ur_rtde-1.5.7-cp39-cp39-manylinux_2_17_i686.manylinux2014_i686.whl", hash = "sha256:f6f447bb45981ae197cf41988bab2e7470a8b2a21c67513caaf837f173d3fdd9"},
    {file = "ur_rtde-1.5.7-cp39-cp39-manylinux_2_17_x86_64.manylinux2014_x86_64.whl", hash = "sha256:ed8cc298a456a8161e64481e2d9166b5bee5e0f46d158b18c8ba100e3f0f9c09"},
    {file = "ur_rtde-1.5.7-cp39-cp39-win_amd64.whl", hash = "sha256:077fef757d2bf7e094d3977dbb8e63e335753938979124f5e058ddb9f9aeaff3"},
    {file = "ur_rtde-1.5.7-pp37-pypy37_pp73-manylinux_2_17_i686.manylinux2014_i686.whl", hash = "sha256:c004cc6e0d41d17e791ce7ed2628a943480df422f37e6cbcf4be15bbf92278c3"},
    {file = "ur_rtde-1.5.7-pp37-pypy37_pp73-manylinux_2_17_x86_64.manylinux2014_x86_64.whl", hash = "sha256:cae85fcc7a78521497eec84b7f14ad0bf6e73c3011147e425c76aea5d159a849"},
    {file = "ur_rtde-1.5.7-pp37-pypy37_pp73-win_amd64.whl", hash = "sha256:fa56a58cfba23f42102e56730e946f310da65e3b5ea4e038380bfed33d57a324"},
    {file = "ur_rtde-1.5.7-pp38-pypy38_pp73-manylinux_2_17_i686.manylinux2014_i686.whl", hash = "sha256:c4fc005e56c49a1c78cde25637e010f7233cc9846a5fb8c0bdfc69ff02ad0770"},
    {file = "ur_rtde-1.5.7-pp38-pypy38_pp73-manylinux_2_17_x86_64.manylinux2014_x86_64.whl", hash = "sha256:6d66af4c8ad0da199469fb3970a64d1fa7cfc979ce56138f0356ec250cf395c0"},
    {file = "ur_rtde-1.5.7-pp38-pypy38_pp73-win_amd64.whl", hash = "sha256:2d230c022ec7ded404ba1e41208327787e81ffcd880fcfc76fff58860add0ca1"},
    {file = "ur_rtde-1.5.7-pp39-pypy39_pp73-manylinux_2_17_i686.manylinux2014_i686.whl", hash = "sha256:38d0ef1c20e04135d6c13f4e59e457dd578464507e9b3a6b728ed830aef2ac09"},
    {file = "ur_rtde-1.5.7-pp39-pypy39_pp73-manylinux_2_17_x86_64.manylinux2014_x86_64.whl", hash = "sha256:5f668e0690e419697ba5558f33e620313e6e64347415fc0115439043db4f5463"},
    {file = "ur_rtde-1.5.7-pp39-pypy39_pp73-win_amd64.whl", hash = "sha256:e351ba9e92b6516c561831b32de277e47fb12e584594d872c01abe1d00cc9604"},
    {file = "ur_rtde-1.5.7.tar.gz", hash = "sha256:a305aa3576d65109ba39e42a5de4e82876d7a1b2af22a7434967717250203ef8"},
]

[[package]]
name = "zipp"
version = "3.17.0"
description = "Backport of pathlib-compatible object wrapper for zip files"
optional = false
python-versions = ">=3.8"
files = [
    {file = "zipp-3.17.0-py3-none-any.whl", hash = "sha256:0e923e726174922dce09c53c59ad483ff7bbb8e572e00c7f7c46b88556409f31"},
    {file = "zipp-3.17.0.tar.gz", hash = "sha256:84e64a1c28cf7e91ed2078bb8cc8c259cb19b76942096c8d7b84947690cabaf0"},
]

[package.extras]
docs = ["furo", "jaraco.packaging (>=9.3)", "jaraco.tidelift (>=1.4)", "rst.linker (>=1.9)", "sphinx (<7.2.5)", "sphinx (>=3.5)", "sphinx-lint"]
testing = ["big-O", "jaraco.functools", "jaraco.itertools", "more-itertools", "pytest (>=6)", "pytest-black (>=0.3.7)", "pytest-checkdocs (>=2.4)", "pytest-cov", "pytest-enabler (>=2.2)", "pytest-ignore-flaky", "pytest-mypy (>=0.9.1)", "pytest-ruff"]

[metadata]
lock-version = "2.0"
python-versions = ">=3.9,<3.13"
content-hash = "4cdb41df51fb376722c4829f7ba4c370b5b1f2ed8234655cf15de626515db91a"
